// !$*UTF8*$!
{
	archiveVersion = 1;
	classes = {
	};
	objectVersion = 50;
	objects = {

/* Begin PBXBuildFile section */
		8B2E559A2665C068001E1F16 /* CustomViewContainer.swift in Sources */ = {isa = PBXBuildFile; fileRef = 8B2E55992665C068001E1F16 /* CustomViewContainer.swift */; };
		8BCA5542266508B7004DAA9B /* AppDelegate.swift in Sources */ = {isa = PBXBuildFile; fileRef = 8BCA5541266508B7004DAA9B /* AppDelegate.swift */; };
		8BCA5544266508B7004DAA9B /* SceneDelegate.swift in Sources */ = {isa = PBXBuildFile; fileRef = 8BCA5543266508B7004DAA9B /* SceneDelegate.swift */; };
		8BCA5546266508B7004DAA9B /* ContentView.swift in Sources */ = {isa = PBXBuildFile; fileRef = 8BCA5545266508B7004DAA9B /* ContentView.swift */; };
		8BCA5548266508BA004DAA9B /* Assets.xcassets in Resources */ = {isa = PBXBuildFile; fileRef = 8BCA5547266508BA004DAA9B /* Assets.xcassets */; };
		8BCA554B266508BA004DAA9B /* Preview Assets.xcassets in Resources */ = {isa = PBXBuildFile; fileRef = 8BCA554A266508BA004DAA9B /* Preview Assets.xcassets */; };
		8BCA554E266508BA004DAA9B /* LaunchScreen.storyboard in Resources */ = {isa = PBXBuildFile; fileRef = 8BCA554C266508BA004DAA9B /* LaunchScreen.storyboard */; };
		8BCA55572665092D004DAA9B /* FrameViewTest.swift in Sources */ = {isa = PBXBuildFile; fileRef = 8BCA55562665092D004DAA9B /* FrameViewTest.swift */; };
		8BCA555926650944004DAA9B /* VStackTest01.swift in Sources */ = {isa = PBXBuildFile; fileRef = 8BCA555826650944004DAA9B /* VStackTest01.swift */; };
		8BCA555B2665095B004DAA9B /* HStackView01.swift in Sources */ = {isa = PBXBuildFile; fileRef = 8BCA555A2665095B004DAA9B /* HStackView01.swift */; };
		8BCA555D26650976004DAA9B /* ZStackView01.swift in Sources */ = {isa = PBXBuildFile; fileRef = 8BCA555C26650976004DAA9B /* ZStackView01.swift */; };
/* End PBXBuildFile section */

/* Begin PBXFileReference section */
		8B2E55992665C068001E1F16 /* CustomViewContainer.swift */ = {isa = PBXFileReference; lastKnownFileType = sourcecode.swift; path = CustomViewContainer.swift; sourceTree = "<group>"; };
		8BCA553E266508B7004DAA9B /* Layout_12_01.app */ = {isa = PBXFileReference; explicitFileType = wrapper.application; includeInIndex = 0; path = Layout_12_01.app; sourceTree = BUILT_PRODUCTS_DIR; };
		8BCA5541266508B7004DAA9B /* AppDelegate.swift */ = {isa = PBXFileReference; lastKnownFileType = sourcecode.swift; path = AppDelegate.swift; sourceTree = "<group>"; };
		8BCA5543266508B7004DAA9B /* SceneDelegate.swift */ = {isa = PBXFileReference; lastKnownFileType = sourcecode.swift; path = SceneDelegate.swift; sourceTree = "<group>"; };
		8BCA5545266508B7004DAA9B /* ContentView.swift */ = {isa = PBXFileReference; lastKnownFileType = sourcecode.swift; path = ContentView.swift; sourceTree = "<group>"; };
		8BCA5547266508BA004DAA9B /* Assets.xcassets */ = {isa = PBXFileReference; lastKnownFileType = folder.assetcatalog; path = Assets.xcassets; sourceTree = "<group>"; };
		8BCA554A266508BA004DAA9B /* Preview Assets.xcassets */ = {isa = PBXFileReference; lastKnownFileType = folder.assetcatalog; path = "Preview Assets.xcassets"; sourceTree = "<group>"; };
		8BCA554D266508BA004DAA9B /* Base */ = {isa = PBXFileReference; lastKnownFileType = file.storyboard; name = Base; path = Base.lproj/LaunchScreen.storyboard; sourceTree = "<group>"; };
		8BCA554F266508BA004DAA9B /* Info.plist */ = {isa = PBXFileReference; lastKnownFileType = text.plist.xml; path = Info.plist; sourceTree = "<group>"; };
		8BCA55562665092D004DAA9B /* FrameViewTest.swift */ = {isa = PBXFileReference; lastKnownFileType = sourcecode.swift; path = FrameViewTest.swift; sourceTree = "<group>"; };
		8BCA555826650944004DAA9B /* VStackTest01.swift */ = {isa = PBXFileReference; lastKnownFileType = sourcecode.swift; path = VStackTest01.swift; sourceTree = "<group>"; };
		8BCA555A2665095B004DAA9B /* HStackView01.swift */ = {isa = PBXFileReference; lastKnownFileType = sourcecode.swift; path = HStackView01.swift; sourceTree = "<group>"; };
		8BCA555C26650976004DAA9B /* ZStackView01.swift */ = {isa = PBXFileReference; lastKnownFileType = sourcecode.swift; path = ZStackView01.swift; sourceTree = "<group>"; };
/* End PBXFileReference section */

/* Begin PBXFrameworksBuildPhase section */
		8BCA553B266508B7004DAA9B /* Frameworks */ = {
			isa = PBXFrameworksBuildPhase;
			buildActionMask = 2147483647;
			files = (
			);
			runOnlyForDeploymentPostprocessing = 0;
		};
/* End PBXFrameworksBuildPhase section */

/* Begin PBXGroup section */
		8BCA5535266508B7004DAA9B = {
			isa = PBXGroup;
			children = (
				8BCA5540266508B7004DAA9B /* Layout_12_01 */,
				8BCA553F266508B7004DAA9B /* Products */,
			);
			sourceTree = "<group>";
		};
		8BCA553F266508B7004DAA9B /* Products */ = {
			isa = PBXGroup;
			children = (
				8BCA553E266508B7004DAA9B /* Layout_12_01.app */,
			);
			name = Products;
			sourceTree = "<group>";
		};
		8BCA5540266508B7004DAA9B /* Layout_12_01 */ = {
			isa = PBXGroup;
			children = (
				8BCA555526650915004DAA9B /* Containers */,
				8BCA5541266508B7004DAA9B /* AppDelegate.swift */,
				8BCA5543266508B7004DAA9B /* SceneDelegate.swift */,
				8BCA5545266508B7004DAA9B /* ContentView.swift */,
				8BCA5547266508BA004DAA9B /* Assets.xcassets */,
				8BCA554C266508BA004DAA9B /* LaunchScreen.storyboard */,
				8BCA554F266508BA004DAA9B /* Info.plist */,
				8BCA5549266508BA004DAA9B /* Preview Content */,
			);
			path = Layout_12_01;
			sourceTree = "<group>";
		};
		8BCA5549266508BA004DAA9B /* Preview Content */ = {
			isa = PBXGroup;
			children = (
				8BCA554A266508BA004DAA9B /* Preview Assets.xcassets */,
			);
			path = "Preview Content";
			sourceTree = "<group>";
		};
		8BCA555526650915004DAA9B /* Containers */ = {
			isa = PBXGroup;
			children = (
				8BCA55562665092D004DAA9B /* FrameViewTest.swift */,
				8BCA555826650944004DAA9B /* VStackTest01.swift */,
				8BCA555A2665095B004DAA9B /* HStackView01.swift */,
				8BCA555C26650976004DAA9B /* ZStackView01.swift */,
				8B2E55992665C068001E1F16 /* CustomViewContainer.swift */,
			);
			path = Containers;
			sourceTree = "<group>";
		};
/* End PBXGroup section */

/* Begin PBXNativeTarget section */
		8BCA553D266508B7004DAA9B /* Layout_12_01 */ = {
			isa = PBXNativeTarget;
			buildConfigurationList = 8BCA5552266508BA004DAA9B /* Build configuration list for PBXNativeTarget "Layout_12_01" */;
			buildPhases = (
				8BCA553A266508B7004DAA9B /* Sources */,
				8BCA553B266508B7004DAA9B /* Frameworks */,
				8BCA553C266508B7004DAA9B /* Resources */,
			);
			buildRules = (
			);
			dependencies = (
			);
			name = Layout_12_01;
			productName = Layout_12_01;
			productReference = 8BCA553E266508B7004DAA9B /* Layout_12_01.app */;
			productType = "com.apple.product-type.application";
		};
/* End PBXNativeTarget section */

/* Begin PBXProject section */
		8BCA5536266508B7004DAA9B /* Project object */ = {
			isa = PBXProject;
			attributes = {
				LastSwiftUpdateCheck = 1250;
				LastUpgradeCheck = 1250;
				TargetAttributes = {
					8BCA553D266508B7004DAA9B = {
						CreatedOnToolsVersion = 12.5;
					};
				};
			};
			buildConfigurationList = 8BCA5539266508B7004DAA9B /* Build configuration list for PBXProject "Layout_12_01" */;
			compatibilityVersion = "Xcode 9.3";
			developmentRegion = en;
			hasScannedForEncodings = 0;
			knownRegions = (
				en,
				Base,
			);
			mainGroup = 8BCA5535266508B7004DAA9B;
			productRefGroup = 8BCA553F266508B7004DAA9B /* Products */;
			projectDirPath = "";
			projectRoot = "";
			targets = (
				8BCA553D266508B7004DAA9B /* Layout_12_01 */,
			);
		};
/* End PBXProject section */

/* Begin PBXResourcesBuildPhase section */
		8BCA553C266508B7004DAA9B /* Resources */ = {
			isa = PBXResourcesBuildPhase;
			buildActionMask = 2147483647;
			files = (
				8BCA554E266508BA004DAA9B /* LaunchScreen.storyboard in Resources */,
				8BCA554B266508BA004DAA9B /* Preview Assets.xcassets in Resources */,
				8BCA5548266508BA004DAA9B /* Assets.xcassets in Resources */,
			);
			runOnlyForDeploymentPostprocessing = 0;
		};
/* End PBXResourcesBuildPhase section */

/* Begin PBXSourcesBuildPhase section */
		8BCA553A266508B7004DAA9B /* Sources */ = {
			isa = PBXSourcesBuildPhase;
			buildActionMask = 2147483647;
			files = (
				8BCA555926650944004DAA9B /* VStackTest01.swift in Sources */,
				8BCA55572665092D004DAA9B /* FrameViewTest.swift in Sources */,
				8BCA5542266508B7004DAA9B /* AppDelegate.swift in Sources */,
				8BCA555D26650976004DAA9B /* ZStackView01.swift in Sources */,
				8BCA5544266508B7004DAA9B /* SceneDelegate.swift in Sources */,
				8B2E559A2665C068001E1F16 /* CustomViewContainer.swift in Sources */,
				8BCA555B2665095B004DAA9B /* HStackView01.swift in Sources */,
				8BCA5546266508B7004DAA9B /* ContentView.swift in Sources */,
			);
			runOnlyForDeploymentPostprocessing = 0;
		};
/* End PBXSourcesBuildPhase section */

/* Begin PBXVariantGroup section */
		8BCA554C266508BA004DAA9B /* LaunchScreen.storyboard */ = {
			isa = PBXVariantGroup;
			children = (
				8BCA554D266508BA004DAA9B /* Base */,
			);
			name = LaunchScreen.storyboard;
			sourceTree = "<group>";
		};
/* End PBXVariantGroup section */

/* Begin XCBuildConfiguration section */
		8BCA5550266508BA004DAA9B /* Debug */ = {
			isa = XCBuildConfiguration;
			buildSettings = {
				ALWAYS_SEARCH_USER_PATHS = NO;
				CLANG_ANALYZER_NONNULL = YES;
				CLANG_ANALYZER_NUMBER_OBJECT_CONVERSION = YES_AGGRESSIVE;
				CLANG_CXX_LANGUAGE_STANDARD = "gnu++14";
				CLANG_CXX_LIBRARY = "libc++";
				CLANG_ENABLE_MODULES = YES;
				CLANG_ENABLE_OBJC_ARC = YES;
				CLANG_ENABLE_OBJC_WEAK = YES;
				CLANG_WARN_BLOCK_CAPTURE_AUTORELEASING = YES;
				CLANG_WARN_BOOL_CONVERSION = YES;
				CLANG_WARN_COMMA = YES;
				CLANG_WARN_CONSTANT_CONVERSION = YES;
				CLANG_WARN_DEPRECATED_OBJC_IMPLEMENTATIONS = YES;
				CLANG_WARN_DIRECT_OBJC_ISA_USAGE = YES_ERROR;
				CLANG_WARN_DOCUMENTATION_COMMENTS = YES;
				CLANG_WARN_EMPTY_BODY = YES;
				CLANG_WARN_ENUM_CONVERSION = YES;
				CLANG_WARN_INFINITE_RECURSION = YES;
				CLANG_WARN_INT_CONVERSION = YES;
				CLANG_WARN_NON_LITERAL_NULL_CONVERSION = YES;
				CLANG_WARN_OBJC_IMPLICIT_RETAIN_SELF = YES;
				CLANG_WARN_OBJC_LITERAL_CONVERSION = YES;
				CLANG_WARN_OBJC_ROOT_CLASS = YES_ERROR;
				CLANG_WARN_QUOTED_INCLUDE_IN_FRAMEWORK_HEADER = YES;
				CLANG_WARN_RANGE_LOOP_ANALYSIS = YES;
				CLANG_WARN_STRICT_PROTOTYPES = YES;
				CLANG_WARN_SUSPICIOUS_MOVE = YES;
				CLANG_WARN_UNGUARDED_AVAILABILITY = YES_AGGRESSIVE;
				CLANG_WARN_UNREACHABLE_CODE = YES;
				CLANG_WARN__DUPLICATE_METHOD_MATCH = YES;
				COPY_PHASE_STRIP = NO;
				DEBUG_INFORMATION_FORMAT = dwarf;
				ENABLE_STRICT_OBJC_MSGSEND = YES;
				ENABLE_TESTABILITY = YES;
				GCC_C_LANGUAGE_STANDARD = gnu11;
				GCC_DYNAMIC_NO_PIC = NO;
				GCC_NO_COMMON_BLOCKS = YES;
				GCC_OPTIMIZATION_LEVEL = 0;
				GCC_PREPROCESSOR_DEFINITIONS = (
					"DEBUG=1",
					"$(inherited)",
				);
				GCC_WARN_64_TO_32_BIT_CONVERSION = YES;
				GCC_WARN_ABOUT_RETURN_TYPE = YES_ERROR;
				GCC_WARN_UNDECLARED_SELECTOR = YES;
				GCC_WARN_UNINITIALIZED_AUTOS = YES_AGGRESSIVE;
				GCC_WARN_UNUSED_FUNCTION = YES;
				GCC_WARN_UNUSED_VARIABLE = YES;
				IPHONEOS_DEPLOYMENT_TARGET = 14.5;
				MTL_ENABLE_DEBUG_INFO = INCLUDE_SOURCE;
				MTL_FAST_MATH = YES;
				ONLY_ACTIVE_ARCH = YES;
				SDKROOT = iphoneos;
				SWIFT_ACTIVE_COMPILATION_CONDITIONS = DEBUG;
				SWIFT_OPTIMIZATION_LEVEL = "-Onone";
			};
			name = Debug;
		};
		8BCA5551266508BA004DAA9B /* Release */ = {
			isa = XCBuildConfiguration;
			buildSettings = {
				ALWAYS_SEARCH_USER_PATHS = NO;
				CLANG_ANALYZER_NONNULL = YES;
				CLANG_ANALYZER_NUMBER_OBJECT_CONVERSION = YES_AGGRESSIVE;
				CLANG_CXX_LANGUAGE_STANDARD = "gnu++14";
				CLANG_CXX_LIBRARY = "libc++";
				CLANG_ENABLE_MODULES = YES;
				CLANG_ENABLE_OBJC_ARC = YES;
				CLANG_ENABLE_OBJC_WEAK = YES;
				CLANG_WARN_BLOCK_CAPTURE_AUTORELEASING = YES;
				CLANG_WARN_BOOL_CONVERSION = YES;
				CLANG_WARN_COMMA = YES;
				CLANG_WARN_CONSTANT_CONVERSION = YES;
				CLANG_WARN_DEPRECATED_OBJC_IMPLEMENTATIONS = YES;
				CLANG_WARN_DIRECT_OBJC_ISA_USAGE = YES_ERROR;
				CLANG_WARN_DOCUMENTATION_COMMENTS = YES;
				CLANG_WARN_EMPTY_BODY = YES;
				CLANG_WARN_ENUM_CONVERSION = YES;
				CLANG_WARN_INFINITE_RECURSION = YES;
				CLANG_WARN_INT_CONVERSION = YES;
				CLANG_WARN_NON_LITERAL_NULL_CONVERSION = YES;
				CLANG_WARN_OBJC_IMPLICIT_RETAIN_SELF = YES;
				CLANG_WARN_OBJC_LITERAL_CONVERSION = YES;
				CLANG_WARN_OBJC_ROOT_CLASS = YES_ERROR;
				CLANG_WARN_QUOTED_INCLUDE_IN_FRAMEWORK_HEADER = YES;
				CLANG_WARN_RANGE_LOOP_ANALYSIS = YES;
				CLANG_WARN_STRICT_PROTOTYPES = YES;
				CLANG_WARN_SUSPICIOUS_MOVE = YES;
				CLANG_WARN_UNGUARDED_AVAILABILITY = YES_AGGRESSIVE;
				CLANG_WARN_UNREACHABLE_CODE = YES;
				CLANG_WARN__DUPLICATE_METHOD_MATCH = YES;
				COPY_PHASE_STRIP = NO;
				DEBUG_INFORMATION_FORMAT = "dwarf-with-dsym";
				ENABLE_NS_ASSERTIONS = NO;
				ENABLE_STRICT_OBJC_MSGSEND = YES;
				GCC_C_LANGUAGE_STANDARD = gnu11;
				GCC_NO_COMMON_BLOCKS = YES;
				GCC_WARN_64_TO_32_BIT_CONVERSION = YES;
				GCC_WARN_ABOUT_RETURN_TYPE = YES_ERROR;
				GCC_WARN_UNDECLARED_SELECTOR = YES;
				GCC_WARN_UNINITIALIZED_AUTOS = YES_AGGRESSIVE;
				GCC_WARN_UNUSED_FUNCTION = YES;
				GCC_WARN_UNUSED_VARIABLE = YES;
				IPHONEOS_DEPLOYMENT_TARGET = 14.5;
				MTL_ENABLE_DEBUG_INFO = NO;
				MTL_FAST_MATH = YES;
				SDKROOT = iphoneos;
				SWIFT_COMPILATION_MODE = wholemodule;
				SWIFT_OPTIMIZATION_LEVEL = "-O";
				VALIDATE_PRODUCT = YES;
			};
			name = Release;
		};
		8BCA5553266508BA004DAA9B /* Debug */ = {
			isa = XCBuildConfiguration;
			buildSettings = {
				ASSETCATALOG_COMPILER_APPICON_NAME = AppIcon;
				ASSETCATALOG_COMPILER_GLOBAL_ACCENT_COLOR_NAME = AccentColor;
				CODE_SIGN_STYLE = Automatic;
				DEVELOPMENT_ASSET_PATHS = "\"Layout_12_01/Preview Content\"";
				ENABLE_PREVIEWS = YES;
				INFOPLIST_FILE = Layout_12_01/Info.plist;
				LD_RUNPATH_SEARCH_PATHS = (
					"$(inherited)",
					"@executable_path/Frameworks",
				);
				PRODUCT_BUNDLE_IDENTIFIER = "fytx.com.Layout-12-01";
				PRODUCT_NAME = "$(TARGET_NAME)";
				SWIFT_VERSION = 5.0;
				TARGETED_DEVICE_FAMILY = "1,2";
			};
			name = Debug;
		};
		8BCA5554266508BA004DAA9B /* Release */ = {
			isa = XCBuildConfiguration;
			buildSettings = {
				ASSETCATALOG_COMPILER_APPICON_NAME = AppIcon;
				ASSETCATALOG_COMPILER_GLOBAL_ACCENT_COLOR_NAME = AccentColor;
				CODE_SIGN_STYLE = Automatic;
				DEVELOPMENT_ASSET_PATHS = "\"Layout_12_01/Preview Content\"";
				ENABLE_PREVIEWS = YES;
				INFOPLIST_FILE = Layout_12_01/Info.plist;
				LD_RUNPATH_SEARCH_PATHS = (
					"$(inherited)",
					"@executable_path/Frameworks",
				);
				PRODUCT_BUNDLE_IDENTIFIER = "fytx.com.Layout-12-01";
				PRODUCT_NAME = "$(TARGET_NAME)";
				SWIFT_VERSION = 5.0;
				TARGETED_DEVICE_FAMILY = "1,2";
			};
			name = Release;
		};
/* End XCBuildConfiguration section */

/* Begin XCConfigurationList section */
		8BCA5539266508B7004DAA9B /* Build configuration list for PBXProject "Layout_12_01" */ = {
			isa = XCConfigurationList;
			buildConfigurations = (
				8BCA5550266508BA004DAA9B /* Debug */,
				8BCA5551266508BA004DAA9B /* Release */,
			);
			defaultConfigurationIsVisible = 0;
			defaultConfigurationName = Release;
		};
		8BCA5552266508BA004DAA9B /* Build configuration list for PBXNativeTarget "Layout_12_01" */ = {
			isa = XCConfigurationList;
			buildConfigurations = (
				8BCA5553266508BA004DAA9B /* Debug */,
				8BCA5554266508BA004DAA9B /* Release */,
			);
			defaultConfigurationIsVisible = 0;
			defaultConfigurationName = Release;
		};
/* End XCConfigurationList section */
	};
	rootObject = 8BCA5536266508B7004DAA9B /* Project object */;
}
