// !$*UTF8*$!
{
	archiveVersion = 1;
	classes = {
	};
	objectVersion = 50;
	objects = {

/* Begin PBXBuildFile section */
		8B52BB5D26D3CC50006568FA /* AppData13_01.swift in Sources */ = {isa = PBXBuildFile; fileRef = 8B52BB5B26D3CC50006568FA /* AppData13_01.swift */; };
		8B52BB5E26D3CC50006568FA /* AddBook13_01.swift in Sources */ = {isa = PBXBuildFile; fileRef = 8B52BB5C26D3CC50006568FA /* AddBook13_01.swift */; };
		8B52BB6026D3CC5B006568FA /* View13_01.swift in Sources */ = {isa = PBXBuildFile; fileRef = 8B52BB5F26D3CC5B006568FA /* View13_01.swift */; };
		8B52BB6626D3CC88006568FA /* AppData.swift in Sources */ = {isa = PBXBuildFile; fileRef = 8B52BB6226D3CC88006568FA /* AppData.swift */; };
		8B52BB6726D3CC88006568FA /* View13_08.swift in Sources */ = {isa = PBXBuildFile; fileRef = 8B52BB6326D3CC88006568FA /* View13_08.swift */; };
		8B52BB6826D3CC88006568FA /* CloseKeyBoardView.swift in Sources */ = {isa = PBXBuildFile; fileRef = 8B52BB6526D3CC88006568FA /* CloseKeyBoardView.swift */; };
		8B5A70E126D2318D00C41DCD /* piano.mp3 in Resources */ = {isa = PBXBuildFile; fileRef = 8B5A70E026D2318D00C41DCD /* piano.mp3 */; };
		8BBF962626CA9D8400C36658 /* AppDelegate.swift in Sources */ = {isa = PBXBuildFile; fileRef = 8BBF962526CA9D8400C36658 /* AppDelegate.swift */; };
		8BBF962826CA9D8400C36658 /* SceneDelegate.swift in Sources */ = {isa = PBXBuildFile; fileRef = 8BBF962726CA9D8400C36658 /* SceneDelegate.swift */; };
		8BBF962A26CA9D8400C36658 /* ContentView.swift in Sources */ = {isa = PBXBuildFile; fileRef = 8BBF962926CA9D8400C36658 /* ContentView.swift */; };
		8BBF962C26CA9D8600C36658 /* Assets.xcassets in Resources */ = {isa = PBXBuildFile; fileRef = 8BBF962B26CA9D8600C36658 /* Assets.xcassets */; };
		8BBF962F26CA9D8600C36658 /* Preview Assets.xcassets in Resources */ = {isa = PBXBuildFile; fileRef = 8BBF962E26CA9D8600C36658 /* Preview Assets.xcassets */; };
		8BBF963226CA9D8600C36658 /* LaunchScreen.storyboard in Resources */ = {isa = PBXBuildFile; fileRef = 8BBF963026CA9D8600C36658 /* LaunchScreen.storyboard */; };
		8BBF963F26CA9D9B00C36658 /* View13_14.swift in Sources */ = {isa = PBXBuildFile; fileRef = 8BBF963A26CA9D9B00C36658 /* View13_14.swift */; };
		8BBF964126CA9D9B00C36658 /* View13_10.swift in Sources */ = {isa = PBXBuildFile; fileRef = 8BBF963C26CA9D9B00C36658 /* View13_10.swift */; };
		8BBF964526CA9DAF00C36658 /* alarm.mp3 in Resources */ = {isa = PBXBuildFile; fileRef = 8BBF964426CA9DAF00C36658 /* alarm.mp3 */; };
/* End PBXBuildFile section */

/* Begin PBXFileReference section */
		8B52BB5B26D3CC50006568FA /* AppData13_01.swift */ = {isa = PBXFileReference; fileEncoding = 4; lastKnownFileType = sourcecode.swift; path = AppData13_01.swift; sourceTree = "<group>"; };
		8B52BB5C26D3CC50006568FA /* AddBook13_01.swift */ = {isa = PBXFileReference; fileEncoding = 4; lastKnownFileType = sourcecode.swift; path = AddBook13_01.swift; sourceTree = "<group>"; };
		8B52BB5F26D3CC5B006568FA /* View13_01.swift */ = {isa = PBXFileReference; fileEncoding = 4; lastKnownFileType = sourcecode.swift; path = View13_01.swift; sourceTree = "<group>"; };
		8B52BB6226D3CC88006568FA /* AppData.swift */ = {isa = PBXFileReference; fileEncoding = 4; lastKnownFileType = sourcecode.swift; path = AppData.swift; sourceTree = "<group>"; };
		8B52BB6326D3CC88006568FA /* View13_08.swift */ = {isa = PBXFileReference; fileEncoding = 4; lastKnownFileType = sourcecode.swift; path = View13_08.swift; sourceTree = "<group>"; };
		8B52BB6526D3CC88006568FA /* CloseKeyBoardView.swift */ = {isa = PBXFileReference; fileEncoding = 4; lastKnownFileType = sourcecode.swift; path = CloseKeyBoardView.swift; sourceTree = "<group>"; };
		8B5A70DF26D230B600C41DCD /* piano.m4a */ = {isa = PBXFileReference; lastKnownFileType = file; path = piano.m4a; sourceTree = "<group>"; };
		8B5A70E026D2318D00C41DCD /* piano.mp3 */ = {isa = PBXFileReference; lastKnownFileType = audio.mp3; path = piano.mp3; sourceTree = "<group>"; };
		8BBF962226CA9D8400C36658 /* NotificationTest.app */ = {isa = PBXFileReference; explicitFileType = wrapper.application; includeInIndex = 0; path = NotificationTest.app; sourceTree = BUILT_PRODUCTS_DIR; };
		8BBF962526CA9D8400C36658 /* AppDelegate.swift */ = {isa = PBXFileReference; lastKnownFileType = sourcecode.swift; path = AppDelegate.swift; sourceTree = "<group>"; };
		8BBF962726CA9D8400C36658 /* SceneDelegate.swift */ = {isa = PBXFileReference; lastKnownFileType = sourcecode.swift; path = SceneDelegate.swift; sourceTree = "<group>"; };
		8BBF962926CA9D8400C36658 /* ContentView.swift */ = {isa = PBXFileReference; lastKnownFileType = sourcecode.swift; path = ContentView.swift; sourceTree = "<group>"; };
		8BBF962B26CA9D8600C36658 /* Assets.xcassets */ = {isa = PBXFileReference; lastKnownFileType = folder.assetcatalog; path = Assets.xcassets; sourceTree = "<group>"; };
		8BBF962E26CA9D8600C36658 /* Preview Assets.xcassets */ = {isa = PBXFileReference; lastKnownFileType = folder.assetcatalog; path = "Preview Assets.xcassets"; sourceTree = "<group>"; };
		8BBF963126CA9D8600C36658 /* Base */ = {isa = PBXFileReference; lastKnownFileType = file.storyboard; name = Base; path = Base.lproj/LaunchScreen.storyboard; sourceTree = "<group>"; };
		8BBF963326CA9D8600C36658 /* Info.plist */ = {isa = PBXFileReference; lastKnownFileType = text.plist.xml; path = Info.plist; sourceTree = "<group>"; };
		8BBF963A26CA9D9B00C36658 /* View13_14.swift */ = {isa = PBXFileReference; fileEncoding = 4; lastKnownFileType = sourcecode.swift; path = View13_14.swift; sourceTree = "<group>"; };
		8BBF963C26CA9D9B00C36658 /* View13_10.swift */ = {isa = PBXFileReference; fileEncoding = 4; lastKnownFileType = sourcecode.swift; path = View13_10.swift; sourceTree = "<group>"; };
		8BBF964426CA9DAF00C36658 /* alarm.mp3 */ = {isa = PBXFileReference; lastKnownFileType = audio.mp3; path = alarm.mp3; sourceTree = "<group>"; };
/* End PBXFileReference section */

/* Begin PBXFrameworksBuildPhase section */
		8BBF961F26CA9D8400C36658 /* Frameworks */ = {
			isa = PBXFrameworksBuildPhase;
			buildActionMask = 2147483647;
			files = (
			);
			runOnlyForDeploymentPostprocessing = 0;
		};
/* End PBXFrameworksBuildPhase section */

/* Begin PBXGroup section */
		8B52BB5426D3CC11006568FA /* 13-01 */ = {
			isa = PBXGroup;
			children = (
				8B52BB5F26D3CC5B006568FA /* View13_01.swift */,
				8B52BB5C26D3CC50006568FA /* AddBook13_01.swift */,
				8B52BB5B26D3CC50006568FA /* AppData13_01.swift */,
			);
			path = "13-01";
			sourceTree = "<group>";
		};
		8B52BB6126D3CC88006568FA /* 13-08 */ = {
			isa = PBXGroup;
			children = (
				8B52BB6226D3CC88006568FA /* AppData.swift */,
				8B52BB6326D3CC88006568FA /* View13_08.swift */,
			);
			path = "13-08";
			sourceTree = "<group>";
		};
		8B52BB6426D3CC88006568FA /* closeKeyBoard */ = {
			isa = PBXGroup;
			children = (
				8B52BB6526D3CC88006568FA /* CloseKeyBoardView.swift */,
			);
			path = closeKeyBoard;
			sourceTree = "<group>";
		};
		8BBF961926CA9D8400C36658 = {
			isa = PBXGroup;
			children = (
				8BBF962426CA9D8400C36658 /* NotificationTest */,
				8BBF962326CA9D8400C36658 /* Products */,
			);
			sourceTree = "<group>";
		};
		8BBF962326CA9D8400C36658 /* Products */ = {
			isa = PBXGroup;
			children = (
				8BBF962226CA9D8400C36658 /* NotificationTest.app */,
			);
			name = Products;
			sourceTree = "<group>";
		};
		8BBF962426CA9D8400C36658 /* NotificationTest */ = {
			isa = PBXGroup;
			children = (
				8B52BB6126D3CC88006568FA /* 13-08 */,
				8B52BB6426D3CC88006568FA /* closeKeyBoard */,
				8B52BB5426D3CC11006568FA /* 13-01 */,
				8B5A70E026D2318D00C41DCD /* piano.mp3 */,
				8B5A70DF26D230B600C41DCD /* piano.m4a */,
				8BBF964426CA9DAF00C36658 /* alarm.mp3 */,
				8BBF963926CA9D9B00C36658 /* Test */,
				8BBF962526CA9D8400C36658 /* AppDelegate.swift */,
				8BBF962726CA9D8400C36658 /* SceneDelegate.swift */,
				8BBF962926CA9D8400C36658 /* ContentView.swift */,
				8BBF962B26CA9D8600C36658 /* Assets.xcassets */,
				8BBF963026CA9D8600C36658 /* LaunchScreen.storyboard */,
				8BBF963326CA9D8600C36658 /* Info.plist */,
				8BBF962D26CA9D8600C36658 /* Preview Content */,
			);
			path = NotificationTest;
			sourceTree = "<group>";
		};
		8BBF962D26CA9D8600C36658 /* Preview Content */ = {
			isa = PBXGroup;
			children = (
				8BBF962E26CA9D8600C36658 /* Preview Assets.xcassets */,
			);
			path = "Preview Content";
			sourceTree = "<group>";
		};
		8BBF963926CA9D9B00C36658 /* Test */ = {
			isa = PBXGroup;
			children = (
				8BBF963A26CA9D9B00C36658 /* View13_14.swift */,
				8BBF963C26CA9D9B00C36658 /* View13_10.swift */,
			);
			path = Test;
			sourceTree = "<group>";
		};
/* End PBXGroup section */

/* Begin PBXNativeTarget section */
		8BBF962126CA9D8400C36658 /* NotificationTest */ = {
			isa = PBXNativeTarget;
			buildConfigurationList = 8BBF963626CA9D8600C36658 /* Build configuration list for PBXNativeTarget "NotificationTest" */;
			buildPhases = (
				8BBF961E26CA9D8400C36658 /* Sources */,
				8BBF961F26CA9D8400C36658 /* Frameworks */,
				8BBF962026CA9D8400C36658 /* Resources */,
			);
			buildRules = (
			);
			dependencies = (
			);
			name = NotificationTest;
			productName = NotificationTest;
			productReference = 8BBF962226CA9D8400C36658 /* NotificationTest.app */;
			productType = "com.apple.product-type.application";
		};
/* End PBXNativeTarget section */

/* Begin PBXProject section */
		8BBF961A26CA9D8400C36658 /* Project object */ = {
			isa = PBXProject;
			attributes = {
				LastSwiftUpdateCheck = 1250;
				LastUpgradeCheck = 1250;
				TargetAttributes = {
					8BBF962126CA9D8400C36658 = {
						CreatedOnToolsVersion = 12.5.1;
					};
				};
			};
			buildConfigurationList = 8BBF961D26CA9D8400C36658 /* Build configuration list for PBXProject "NotificationTest" */;
			compatibilityVersion = "Xcode 9.3";
			developmentRegion = en;
			hasScannedForEncodings = 0;
			knownRegions = (
				en,
				Base,
			);
			mainGroup = 8BBF961926CA9D8400C36658;
			productRefGroup = 8BBF962326CA9D8400C36658 /* Products */;
			projectDirPath = "";
			projectRoot = "";
			targets = (
				8BBF962126CA9D8400C36658 /* NotificationTest */,
			);
		};
/* End PBXProject section */

/* Begin PBXResourcesBuildPhase section */
		8BBF962026CA9D8400C36658 /* Resources */ = {
			isa = PBXResourcesBuildPhase;
			buildActionMask = 2147483647;
			files = (
				8BBF964526CA9DAF00C36658 /* alarm.mp3 in Resources */,
				8BBF963226CA9D8600C36658 /* LaunchScreen.storyboard in Resources */,
				8B5A70E126D2318D00C41DCD /* piano.mp3 in Resources */,
				8BBF962F26CA9D8600C36658 /* Preview Assets.xcassets in Resources */,
				8BBF962C26CA9D8600C36658 /* Assets.xcassets in Resources */,
			);
			runOnlyForDeploymentPostprocessing = 0;
		};
/* End PBXResourcesBuildPhase section */

/* Begin PBXSourcesBuildPhase section */
		8BBF961E26CA9D8400C36658 /* Sources */ = {
			isa = PBXSourcesBuildPhase;
			buildActionMask = 2147483647;
			files = (
				8B52BB6826D3CC88006568FA /* CloseKeyBoardView.swift in Sources */,
				8B52BB5D26D3CC50006568FA /* AppData13_01.swift in Sources */,
				8B52BB6026D3CC5B006568FA /* View13_01.swift in Sources */,
				8BBF962626CA9D8400C36658 /* AppDelegate.swift in Sources */,
				8BBF964126CA9D9B00C36658 /* View13_10.swift in Sources */,
				8BBF963F26CA9D9B00C36658 /* View13_14.swift in Sources */,
				8BBF962826CA9D8400C36658 /* SceneDelegate.swift in Sources */,
				8B52BB6726D3CC88006568FA /* View13_08.swift in Sources */,
				8BBF962A26CA9D8400C36658 /* ContentView.swift in Sources */,
				8B52BB5E26D3CC50006568FA /* AddBook13_01.swift in Sources */,
				8B52BB6626D3CC88006568FA /* AppData.swift in Sources */,
			);
			runOnlyForDeploymentPostprocessing = 0;
		};
/* End PBXSourcesBuildPhase section */

/* Begin PBXVariantGroup section */
		8BBF963026CA9D8600C36658 /* LaunchScreen.storyboard */ = {
			isa = PBXVariantGroup;
			children = (
				8BBF963126CA9D8600C36658 /* Base */,
			);
			name = LaunchScreen.storyboard;
			sourceTree = "<group>";
		};
/* End PBXVariantGroup section */

/* Begin XCBuildConfiguration section */
		8BBF963426CA9D8600C36658 /* Debug */ = {
			isa = XCBuildConfiguration;
			buildSettings = {
				ALWAYS_SEARCH_USER_PATHS = NO;
				CLANG_ANALYZER_NONNULL = YES;
				CLANG_ANALYZER_NUMBER_OBJECT_CONVERSION = YES_AGGRESSIVE;
				CLANG_CXX_LANGUAGE_STANDARD = "gnu++14";
				CLANG_CXX_LIBRARY = "libc++";
				CLANG_ENABLE_MODULES = YES;
				CLANG_ENABLE_OBJC_ARC = YES;
				CLANG_ENABLE_OBJC_WEAK = YES;
				CLANG_WARN_BLOCK_CAPTURE_AUTORELEASING = YES;
				CLANG_WARN_BOOL_CONVERSION = YES;
				CLANG_WARN_COMMA = YES;
				CLANG_WARN_CONSTANT_CONVERSION = YES;
				CLANG_WARN_DEPRECATED_OBJC_IMPLEMENTATIONS = YES;
				CLANG_WARN_DIRECT_OBJC_ISA_USAGE = YES_ERROR;
				CLANG_WARN_DOCUMENTATION_COMMENTS = YES;
				CLANG_WARN_EMPTY_BODY = YES;
				CLANG_WARN_ENUM_CONVERSION = YES;
				CLANG_WARN_INFINITE_RECURSION = YES;
				CLANG_WARN_INT_CONVERSION = YES;
				CLANG_WARN_NON_LITERAL_NULL_CONVERSION = YES;
				CLANG_WARN_OBJC_IMPLICIT_RETAIN_SELF = YES;
				CLANG_WARN_OBJC_LITERAL_CONVERSION = YES;
				CLANG_WARN_OBJC_ROOT_CLASS = YES_ERROR;
				CLANG_WARN_QUOTED_INCLUDE_IN_FRAMEWORK_HEADER = YES;
				CLANG_WARN_RANGE_LOOP_ANALYSIS = YES;
				CLANG_WARN_STRICT_PROTOTYPES = YES;
				CLANG_WARN_SUSPICIOUS_MOVE = YES;
				CLANG_WARN_UNGUARDED_AVAILABILITY = YES_AGGRESSIVE;
				CLANG_WARN_UNREACHABLE_CODE = YES;
				CLANG_WARN__DUPLICATE_METHOD_MATCH = YES;
				COPY_PHASE_STRIP = NO;
				DEBUG_INFORMATION_FORMAT = dwarf;
				ENABLE_STRICT_OBJC_MSGSEND = YES;
				ENABLE_TESTABILITY = YES;
				GCC_C_LANGUAGE_STANDARD = gnu11;
				GCC_DYNAMIC_NO_PIC = NO;
				GCC_NO_COMMON_BLOCKS = YES;
				GCC_OPTIMIZATION_LEVEL = 0;
				GCC_PREPROCESSOR_DEFINITIONS = (
					"DEBUG=1",
					"$(inherited)",
				);
				GCC_WARN_64_TO_32_BIT_CONVERSION = YES;
				GCC_WARN_ABOUT_RETURN_TYPE = YES_ERROR;
				GCC_WARN_UNDECLARED_SELECTOR = YES;
				GCC_WARN_UNINITIALIZED_AUTOS = YES_AGGRESSIVE;
				GCC_WARN_UNUSED_FUNCTION = YES;
				GCC_WARN_UNUSED_VARIABLE = YES;
				IPHONEOS_DEPLOYMENT_TARGET = 14.5;
				MTL_ENABLE_DEBUG_INFO = INCLUDE_SOURCE;
				MTL_FAST_MATH = YES;
				ONLY_ACTIVE_ARCH = YES;
				SDKROOT = iphoneos;
				SWIFT_ACTIVE_COMPILATION_CONDITIONS = DEBUG;
				SWIFT_OPTIMIZATION_LEVEL = "-Onone";
			};
			name = Debug;
		};
		8BBF963526CA9D8600C36658 /* Release */ = {
			isa = XCBuildConfiguration;
			buildSettings = {
				ALWAYS_SEARCH_USER_PATHS = NO;
				CLANG_ANALYZER_NONNULL = YES;
				CLANG_ANALYZER_NUMBER_OBJECT_CONVERSION = YES_AGGRESSIVE;
				CLANG_CXX_LANGUAGE_STANDARD = "gnu++14";
				CLANG_CXX_LIBRARY = "libc++";
				CLANG_ENABLE_MODULES = YES;
				CLANG_ENABLE_OBJC_ARC = YES;
				CLANG_ENABLE_OBJC_WEAK = YES;
				CLANG_WARN_BLOCK_CAPTURE_AUTORELEASING = YES;
				CLANG_WARN_BOOL_CONVERSION = YES;
				CLANG_WARN_COMMA = YES;
				CLANG_WARN_CONSTANT_CONVERSION = YES;
				CLANG_WARN_DEPRECATED_OBJC_IMPLEMENTATIONS = YES;
				CLANG_WARN_DIRECT_OBJC_ISA_USAGE = YES_ERROR;
				CLANG_WARN_DOCUMENTATION_COMMENTS = YES;
				CLANG_WARN_EMPTY_BODY = YES;
				CLANG_WARN_ENUM_CONVERSION = YES;
				CLANG_WARN_INFINITE_RECURSION = YES;
				CLANG_WARN_INT_CONVERSION = YES;
				CLANG_WARN_NON_LITERAL_NULL_CONVERSION = YES;
				CLANG_WARN_OBJC_IMPLICIT_RETAIN_SELF = YES;
				CLANG_WARN_OBJC_LITERAL_CONVERSION = YES;
				CLANG_WARN_OBJC_ROOT_CLASS = YES_ERROR;
				CLANG_WARN_QUOTED_INCLUDE_IN_FRAMEWORK_HEADER = YES;
				CLANG_WARN_RANGE_LOOP_ANALYSIS = YES;
				CLANG_WARN_STRICT_PROTOTYPES = YES;
				CLANG_WARN_SUSPICIOUS_MOVE = YES;
				CLANG_WARN_UNGUARDED_AVAILABILITY = YES_AGGRESSIVE;
				CLANG_WARN_UNREACHABLE_CODE = YES;
				CLANG_WARN__DUPLICATE_METHOD_MATCH = YES;
				COPY_PHASE_STRIP = NO;
				DEBUG_INFORMATION_FORMAT = "dwarf-with-dsym";
				ENABLE_NS_ASSERTIONS = NO;
				ENABLE_STRICT_OBJC_MSGSEND = YES;
				GCC_C_LANGUAGE_STANDARD = gnu11;
				GCC_NO_COMMON_BLOCKS = YES;
				GCC_WARN_64_TO_32_BIT_CONVERSION = YES;
				GCC_WARN_ABOUT_RETURN_TYPE = YES_ERROR;
				GCC_WARN_UNDECLARED_SELECTOR = YES;
				GCC_WARN_UNINITIALIZED_AUTOS = YES_AGGRESSIVE;
				GCC_WARN_UNUSED_FUNCTION = YES;
				GCC_WARN_UNUSED_VARIABLE = YES;
				IPHONEOS_DEPLOYMENT_TARGET = 14.5;
				MTL_ENABLE_DEBUG_INFO = NO;
				MTL_FAST_MATH = YES;
				SDKROOT = iphoneos;
				SWIFT_COMPILATION_MODE = wholemodule;
				SWIFT_OPTIMIZATION_LEVEL = "-O";
				VALIDATE_PRODUCT = YES;
			};
			name = Release;
		};
		8BBF963726CA9D8600C36658 /* Debug */ = {
			isa = XCBuildConfiguration;
			buildSettings = {
				ASSETCATALOG_COMPILER_APPICON_NAME = AppIcon;
				ASSETCATALOG_COMPILER_GLOBAL_ACCENT_COLOR_NAME = AccentColor;
				CODE_SIGN_ENTITLEMENTS = "";
				CODE_SIGN_STYLE = Automatic;
				DEVELOPMENT_ASSET_PATHS = "\"NotificationTest/Preview Content\"";
				DEVELOPMENT_TEAM = U7F7ULQLN4;
				ENABLE_PREVIEWS = YES;
				INFOPLIST_FILE = NotificationTest/Info.plist;
				LD_RUNPATH_SEARCH_PATHS = (
					"$(inherited)",
					"@executable_path/Frameworks",
				);
				PRODUCT_BUNDLE_IDENTIFIER = fxtx.com.NotificationTest;
				PRODUCT_NAME = "$(TARGET_NAME)";
				SWIFT_VERSION = 5.0;
				TARGETED_DEVICE_FAMILY = "1,2";
			};
			name = Debug;
		};
		8BBF963826CA9D8600C36658 /* Release */ = {
			isa = XCBuildConfiguration;
			buildSettings = {
				ASSETCATALOG_COMPILER_APPICON_NAME = AppIcon;
				ASSETCATALOG_COMPILER_GLOBAL_ACCENT_COLOR_NAME = AccentColor;
				CODE_SIGN_ENTITLEMENTS = "";
				CODE_SIGN_STYLE = Automatic;
				DEVELOPMENT_ASSET_PATHS = "\"NotificationTest/Preview Content\"";
				DEVELOPMENT_TEAM = U7F7ULQLN4;
				ENABLE_PREVIEWS = YES;
				INFOPLIST_FILE = NotificationTest/Info.plist;
				LD_RUNPATH_SEARCH_PATHS = (
					"$(inherited)",
					"@executable_path/Frameworks",
				);
				PRODUCT_BUNDLE_IDENTIFIER = fxtx.com.NotificationTest;
				PRODUCT_NAME = "$(TARGET_NAME)";
				SWIFT_VERSION = 5.0;
				TARGETED_DEVICE_FAMILY = "1,2";
			};
			name = Release;
		};
/* End XCBuildConfiguration section */

/* Begin XCConfigurationList section */
		8BBF961D26CA9D8400C36658 /* Build configuration list for PBXProject "NotificationTest" */ = {
			isa = XCConfigurationList;
			buildConfigurations = (
				8BBF963426CA9D8600C36658 /* Debug */,
				8BBF963526CA9D8600C36658 /* Release */,
			);
			defaultConfigurationIsVisible = 0;
			defaultConfigurationName = Release;
		};
		8BBF963626CA9D8600C36658 /* Build configuration list for PBXNativeTarget "NotificationTest" */ = {
			isa = XCConfigurationList;
			buildConfigurations = (
				8BBF963726CA9D8600C36658 /* Debug */,
				8BBF963826CA9D8600C36658 /* Release */,
			);
			defaultConfigurationIsVisible = 0;
			defaultConfigurationName = Release;
		};
/* End XCConfigurationList section */
	};
	rootObject = 8BBF961A26CA9D8400C36658 /* Project object */;
}
