// !$*UTF8*$!
{
	archiveVersion = 1;
	classes = {
	};
	objectVersion = 50;
	objects = {

/* Begin PBXBuildFile section */
		8B73949C267C8ECB006E9639 /* AppDelegate.swift in Sources */ = {isa = PBXBuildFile; fileRef = 8B73949B267C8ECB006E9639 /* AppDelegate.swift */; };
		8B73949E267C8ECB006E9639 /* SceneDelegate.swift in Sources */ = {isa = PBXBuildFile; fileRef = 8B73949D267C8ECB006E9639 /* SceneDelegate.swift */; };
		8B7394A0267C8ECB006E9639 /* ContentView.swift in Sources */ = {isa = PBXBuildFile; fileRef = 8B73949F267C8ECB006E9639 /* ContentView.swift */; };
		8B7394A2267C8ECD006E9639 /* Assets.xcassets in Resources */ = {isa = PBXBuildFile; fileRef = 8B7394A1267C8ECD006E9639 /* Assets.xcassets */; };
		8B7394A5267C8ECD006E9639 /* Preview Assets.xcassets in Resources */ = {isa = PBXBuildFile; fileRef = 8B7394A4267C8ECD006E9639 /* Preview Assets.xcassets */; };
		8B7394A8267C8ECD006E9639 /* LaunchScreen.storyboard in Resources */ = {isa = PBXBuildFile; fileRef = 8B7394A6267C8ECD006E9639 /* LaunchScreen.storyboard */; };
		8B7394B1267C959C006E9639 /* ForeachSample.swift in Sources */ = {isa = PBXBuildFile; fileRef = 8B7394B0267C959C006E9639 /* ForeachSample.swift */; };
		8B7394B3267C9675006E9639 /* ListViewSample.swift in Sources */ = {isa = PBXBuildFile; fileRef = 8B7394B2267C9675006E9639 /* ListViewSample.swift */; };
		8B7394B5267C978E006E9639 /* ListViewSample2.swift in Sources */ = {isa = PBXBuildFile; fileRef = 8B7394B4267C978E006E9639 /* ListViewSample2.swift */; };
		8B7394B7267C9D87006E9639 /* ListViewSample3.swift in Sources */ = {isa = PBXBuildFile; fileRef = 8B7394B6267C9D87006E9639 /* ListViewSample3.swift */; };
/* End PBXBuildFile section */

/* Begin PBXFileReference section */
		8B739498267C8ECB006E9639 /* List_14_01.app */ = {isa = PBXFileReference; explicitFileType = wrapper.application; includeInIndex = 0; path = List_14_01.app; sourceTree = BUILT_PRODUCTS_DIR; };
		8B73949B267C8ECB006E9639 /* AppDelegate.swift */ = {isa = PBXFileReference; lastKnownFileType = sourcecode.swift; path = AppDelegate.swift; sourceTree = "<group>"; };
		8B73949D267C8ECB006E9639 /* SceneDelegate.swift */ = {isa = PBXFileReference; lastKnownFileType = sourcecode.swift; path = SceneDelegate.swift; sourceTree = "<group>"; };
		8B73949F267C8ECB006E9639 /* ContentView.swift */ = {isa = PBXFileReference; lastKnownFileType = sourcecode.swift; path = ContentView.swift; sourceTree = "<group>"; };
		8B7394A1267C8ECD006E9639 /* Assets.xcassets */ = {isa = PBXFileReference; lastKnownFileType = folder.assetcatalog; path = Assets.xcassets; sourceTree = "<group>"; };
		8B7394A4267C8ECD006E9639 /* Preview Assets.xcassets */ = {isa = PBXFileReference; lastKnownFileType = folder.assetcatalog; path = "Preview Assets.xcassets"; sourceTree = "<group>"; };
		8B7394A7267C8ECD006E9639 /* Base */ = {isa = PBXFileReference; lastKnownFileType = file.storyboard; name = Base; path = Base.lproj/LaunchScreen.storyboard; sourceTree = "<group>"; };
		8B7394A9267C8ECD006E9639 /* Info.plist */ = {isa = PBXFileReference; lastKnownFileType = text.plist.xml; path = Info.plist; sourceTree = "<group>"; };
		8B7394B0267C959C006E9639 /* ForeachSample.swift */ = {isa = PBXFileReference; lastKnownFileType = sourcecode.swift; path = ForeachSample.swift; sourceTree = "<group>"; };
		8B7394B2267C9675006E9639 /* ListViewSample.swift */ = {isa = PBXFileReference; lastKnownFileType = sourcecode.swift; path = ListViewSample.swift; sourceTree = "<group>"; };
		8B7394B4267C978E006E9639 /* ListViewSample2.swift */ = {isa = PBXFileReference; lastKnownFileType = sourcecode.swift; path = ListViewSample2.swift; sourceTree = "<group>"; };
		8B7394B6267C9D87006E9639 /* ListViewSample3.swift */ = {isa = PBXFileReference; lastKnownFileType = sourcecode.swift; path = ListViewSample3.swift; sourceTree = "<group>"; };
/* End PBXFileReference section */

/* Begin PBXFrameworksBuildPhase section */
		8B739495267C8ECB006E9639 /* Frameworks */ = {
			isa = PBXFrameworksBuildPhase;
			buildActionMask = 2147483647;
			files = (
			);
			runOnlyForDeploymentPostprocessing = 0;
		};
/* End PBXFrameworksBuildPhase section */

/* Begin PBXGroup section */
		8B73948F267C8ECB006E9639 = {
			isa = PBXGroup;
			children = (
				8B73949A267C8ECB006E9639 /* List_14_01 */,
				8B739499267C8ECB006E9639 /* Products */,
			);
			sourceTree = "<group>";
		};
		8B739499267C8ECB006E9639 /* Products */ = {
			isa = PBXGroup;
			children = (
				8B739498267C8ECB006E9639 /* List_14_01.app */,
			);
			name = Products;
			sourceTree = "<group>";
		};
		8B73949A267C8ECB006E9639 /* List_14_01 */ = {
			isa = PBXGroup;
			children = (
				8B7394AF267C8EDD006E9639 /* foreach */,
				8B73949B267C8ECB006E9639 /* AppDelegate.swift */,
				8B73949D267C8ECB006E9639 /* SceneDelegate.swift */,
				8B73949F267C8ECB006E9639 /* ContentView.swift */,
				8B7394A1267C8ECD006E9639 /* Assets.xcassets */,
				8B7394A6267C8ECD006E9639 /* LaunchScreen.storyboard */,
				8B7394A9267C8ECD006E9639 /* Info.plist */,
				8B7394A3267C8ECD006E9639 /* Preview Content */,
			);
			path = List_14_01;
			sourceTree = "<group>";
		};
		8B7394A3267C8ECD006E9639 /* Preview Content */ = {
			isa = PBXGroup;
			children = (
				8B7394A4267C8ECD006E9639 /* Preview Assets.xcassets */,
			);
			path = "Preview Content";
			sourceTree = "<group>";
		};
		8B7394AF267C8EDD006E9639 /* foreach */ = {
			isa = PBXGroup;
			children = (
				8B7394B0267C959C006E9639 /* ForeachSample.swift */,
				8B7394B2267C9675006E9639 /* ListViewSample.swift */,
				8B7394B4267C978E006E9639 /* ListViewSample2.swift */,
				8B7394B6267C9D87006E9639 /* ListViewSample3.swift */,
			);
			path = foreach;
			sourceTree = "<group>";
		};
/* End PBXGroup section */

/* Begin PBXNativeTarget section */
		8B739497267C8ECB006E9639 /* List_14_01 */ = {
			isa = PBXNativeTarget;
			buildConfigurationList = 8B7394AC267C8ECD006E9639 /* Build configuration list for PBXNativeTarget "List_14_01" */;
			buildPhases = (
				8B739494267C8ECB006E9639 /* Sources */,
				8B739495267C8ECB006E9639 /* Frameworks */,
				8B739496267C8ECB006E9639 /* Resources */,
			);
			buildRules = (
			);
			dependencies = (
			);
			name = List_14_01;
			productName = List_14_01;
			productReference = 8B739498267C8ECB006E9639 /* List_14_01.app */;
			productType = "com.apple.product-type.application";
		};
/* End PBXNativeTarget section */

/* Begin PBXProject section */
		8B739490267C8ECB006E9639 /* Project object */ = {
			isa = PBXProject;
			attributes = {
				LastSwiftUpdateCheck = 1250;
				LastUpgradeCheck = 1250;
				TargetAttributes = {
					8B739497267C8ECB006E9639 = {
						CreatedOnToolsVersion = 12.5;
					};
				};
			};
			buildConfigurationList = 8B739493267C8ECB006E9639 /* Build configuration list for PBXProject "List_14_01" */;
			compatibilityVersion = "Xcode 9.3";
			developmentRegion = en;
			hasScannedForEncodings = 0;
			knownRegions = (
				en,
				Base,
			);
			mainGroup = 8B73948F267C8ECB006E9639;
			productRefGroup = 8B739499267C8ECB006E9639 /* Products */;
			projectDirPath = "";
			projectRoot = "";
			targets = (
				8B739497267C8ECB006E9639 /* List_14_01 */,
			);
		};
/* End PBXProject section */

/* Begin PBXResourcesBuildPhase section */
		8B739496267C8ECB006E9639 /* Resources */ = {
			isa = PBXResourcesBuildPhase;
			buildActionMask = 2147483647;
			files = (
				8B7394A8267C8ECD006E9639 /* LaunchScreen.storyboard in Resources */,
				8B7394A5267C8ECD006E9639 /* Preview Assets.xcassets in Resources */,
				8B7394A2267C8ECD006E9639 /* Assets.xcassets in Resources */,
			);
			runOnlyForDeploymentPostprocessing = 0;
		};
/* End PBXResourcesBuildPhase section */

/* Begin PBXSourcesBuildPhase section */
		8B739494267C8ECB006E9639 /* Sources */ = {
			isa = PBXSourcesBuildPhase;
			buildActionMask = 2147483647;
			files = (
				8B7394B1267C959C006E9639 /* ForeachSample.swift in Sources */,
				8B73949C267C8ECB006E9639 /* AppDelegate.swift in Sources */,
				8B73949E267C8ECB006E9639 /* SceneDelegate.swift in Sources */,
				8B7394A0267C8ECB006E9639 /* ContentView.swift in Sources */,
				8B7394B3267C9675006E9639 /* ListViewSample.swift in Sources */,
				8B7394B5267C978E006E9639 /* ListViewSample2.swift in Sources */,
				8B7394B7267C9D87006E9639 /* ListViewSample3.swift in Sources */,
			);
			runOnlyForDeploymentPostprocessing = 0;
		};
/* End PBXSourcesBuildPhase section */

/* Begin PBXVariantGroup section */
		8B7394A6267C8ECD006E9639 /* LaunchScreen.storyboard */ = {
			isa = PBXVariantGroup;
			children = (
				8B7394A7267C8ECD006E9639 /* Base */,
			);
			name = LaunchScreen.storyboard;
			sourceTree = "<group>";
		};
/* End PBXVariantGroup section */

/* Begin XCBuildConfiguration section */
		8B7394AA267C8ECD006E9639 /* Debug */ = {
			isa = XCBuildConfiguration;
			buildSettings = {
				ALWAYS_SEARCH_USER_PATHS = NO;
				CLANG_ANALYZER_NONNULL = YES;
				CLANG_ANALYZER_NUMBER_OBJECT_CONVERSION = YES_AGGRESSIVE;
				CLANG_CXX_LANGUAGE_STANDARD = "gnu++14";
				CLANG_CXX_LIBRARY = "libc++";
				CLANG_ENABLE_MODULES = YES;
				CLANG_ENABLE_OBJC_ARC = YES;
				CLANG_ENABLE_OBJC_WEAK = YES;
				CLANG_WARN_BLOCK_CAPTURE_AUTORELEASING = YES;
				CLANG_WARN_BOOL_CONVERSION = YES;
				CLANG_WARN_COMMA = YES;
				CLANG_WARN_CONSTANT_CONVERSION = YES;
				CLANG_WARN_DEPRECATED_OBJC_IMPLEMENTATIONS = YES;
				CLANG_WARN_DIRECT_OBJC_ISA_USAGE = YES_ERROR;
				CLANG_WARN_DOCUMENTATION_COMMENTS = YES;
				CLANG_WARN_EMPTY_BODY = YES;
				CLANG_WARN_ENUM_CONVERSION = YES;
				CLANG_WARN_INFINITE_RECURSION = YES;
				CLANG_WARN_INT_CONVERSION = YES;
				CLANG_WARN_NON_LITERAL_NULL_CONVERSION = YES;
				CLANG_WARN_OBJC_IMPLICIT_RETAIN_SELF = YES;
				CLANG_WARN_OBJC_LITERAL_CONVERSION = YES;
				CLANG_WARN_OBJC_ROOT_CLASS = YES_ERROR;
				CLANG_WARN_QUOTED_INCLUDE_IN_FRAMEWORK_HEADER = YES;
				CLANG_WARN_RANGE_LOOP_ANALYSIS = YES;
				CLANG_WARN_STRICT_PROTOTYPES = YES;
				CLANG_WARN_SUSPICIOUS_MOVE = YES;
				CLANG_WARN_UNGUARDED_AVAILABILITY = YES_AGGRESSIVE;
				CLANG_WARN_UNREACHABLE_CODE = YES;
				CLANG_WARN__DUPLICATE_METHOD_MATCH = YES;
				COPY_PHASE_STRIP = NO;
				DEBUG_INFORMATION_FORMAT = dwarf;
				ENABLE_STRICT_OBJC_MSGSEND = YES;
				ENABLE_TESTABILITY = YES;
				GCC_C_LANGUAGE_STANDARD = gnu11;
				GCC_DYNAMIC_NO_PIC = NO;
				GCC_NO_COMMON_BLOCKS = YES;
				GCC_OPTIMIZATION_LEVEL = 0;
				GCC_PREPROCESSOR_DEFINITIONS = (
					"DEBUG=1",
					"$(inherited)",
				);
				GCC_WARN_64_TO_32_BIT_CONVERSION = YES;
				GCC_WARN_ABOUT_RETURN_TYPE = YES_ERROR;
				GCC_WARN_UNDECLARED_SELECTOR = YES;
				GCC_WARN_UNINITIALIZED_AUTOS = YES_AGGRESSIVE;
				GCC_WARN_UNUSED_FUNCTION = YES;
				GCC_WARN_UNUSED_VARIABLE = YES;
				IPHONEOS_DEPLOYMENT_TARGET = 14.5;
				MTL_ENABLE_DEBUG_INFO = INCLUDE_SOURCE;
				MTL_FAST_MATH = YES;
				ONLY_ACTIVE_ARCH = YES;
				SDKROOT = iphoneos;
				SWIFT_ACTIVE_COMPILATION_CONDITIONS = DEBUG;
				SWIFT_OPTIMIZATION_LEVEL = "-Onone";
			};
			name = Debug;
		};
		8B7394AB267C8ECD006E9639 /* Release */ = {
			isa = XCBuildConfiguration;
			buildSettings = {
				ALWAYS_SEARCH_USER_PATHS = NO;
				CLANG_ANALYZER_NONNULL = YES;
				CLANG_ANALYZER_NUMBER_OBJECT_CONVERSION = YES_AGGRESSIVE;
				CLANG_CXX_LANGUAGE_STANDARD = "gnu++14";
				CLANG_CXX_LIBRARY = "libc++";
				CLANG_ENABLE_MODULES = YES;
				CLANG_ENABLE_OBJC_ARC = YES;
				CLANG_ENABLE_OBJC_WEAK = YES;
				CLANG_WARN_BLOCK_CAPTURE_AUTORELEASING = YES;
				CLANG_WARN_BOOL_CONVERSION = YES;
				CLANG_WARN_COMMA = YES;
				CLANG_WARN_CONSTANT_CONVERSION = YES;
				CLANG_WARN_DEPRECATED_OBJC_IMPLEMENTATIONS = YES;
				CLANG_WARN_DIRECT_OBJC_ISA_USAGE = YES_ERROR;
				CLANG_WARN_DOCUMENTATION_COMMENTS = YES;
				CLANG_WARN_EMPTY_BODY = YES;
				CLANG_WARN_ENUM_CONVERSION = YES;
				CLANG_WARN_INFINITE_RECURSION = YES;
				CLANG_WARN_INT_CONVERSION = YES;
				CLANG_WARN_NON_LITERAL_NULL_CONVERSION = YES;
				CLANG_WARN_OBJC_IMPLICIT_RETAIN_SELF = YES;
				CLANG_WARN_OBJC_LITERAL_CONVERSION = YES;
				CLANG_WARN_OBJC_ROOT_CLASS = YES_ERROR;
				CLANG_WARN_QUOTED_INCLUDE_IN_FRAMEWORK_HEADER = YES;
				CLANG_WARN_RANGE_LOOP_ANALYSIS = YES;
				CLANG_WARN_STRICT_PROTOTYPES = YES;
				CLANG_WARN_SUSPICIOUS_MOVE = YES;
				CLANG_WARN_UNGUARDED_AVAILABILITY = YES_AGGRESSIVE;
				CLANG_WARN_UNREACHABLE_CODE = YES;
				CLANG_WARN__DUPLICATE_METHOD_MATCH = YES;
				COPY_PHASE_STRIP = NO;
				DEBUG_INFORMATION_FORMAT = "dwarf-with-dsym";
				ENABLE_NS_ASSERTIONS = NO;
				ENABLE_STRICT_OBJC_MSGSEND = YES;
				GCC_C_LANGUAGE_STANDARD = gnu11;
				GCC_NO_COMMON_BLOCKS = YES;
				GCC_WARN_64_TO_32_BIT_CONVERSION = YES;
				GCC_WARN_ABOUT_RETURN_TYPE = YES_ERROR;
				GCC_WARN_UNDECLARED_SELECTOR = YES;
				GCC_WARN_UNINITIALIZED_AUTOS = YES_AGGRESSIVE;
				GCC_WARN_UNUSED_FUNCTION = YES;
				GCC_WARN_UNUSED_VARIABLE = YES;
				IPHONEOS_DEPLOYMENT_TARGET = 14.5;
				MTL_ENABLE_DEBUG_INFO = NO;
				MTL_FAST_MATH = YES;
				SDKROOT = iphoneos;
				SWIFT_COMPILATION_MODE = wholemodule;
				SWIFT_OPTIMIZATION_LEVEL = "-O";
				VALIDATE_PRODUCT = YES;
			};
			name = Release;
		};
		8B7394AD267C8ECD006E9639 /* Debug */ = {
			isa = XCBuildConfiguration;
			buildSettings = {
				ASSETCATALOG_COMPILER_APPICON_NAME = AppIcon;
				ASSETCATALOG_COMPILER_GLOBAL_ACCENT_COLOR_NAME = AccentColor;
				CODE_SIGN_STYLE = Automatic;
				DEVELOPMENT_ASSET_PATHS = "\"List_14_01/Preview Content\"";
				ENABLE_PREVIEWS = YES;
				INFOPLIST_FILE = List_14_01/Info.plist;
				LD_RUNPATH_SEARCH_PATHS = (
					"$(inherited)",
					"@executable_path/Frameworks",
				);
				PRODUCT_BUNDLE_IDENTIFIER = "fytx.com.List-14-01";
				PRODUCT_NAME = "$(TARGET_NAME)";
				SWIFT_VERSION = 5.0;
				TARGETED_DEVICE_FAMILY = "1,2";
			};
			name = Debug;
		};
		8B7394AE267C8ECD006E9639 /* Release */ = {
			isa = XCBuildConfiguration;
			buildSettings = {
				ASSETCATALOG_COMPILER_APPICON_NAME = AppIcon;
				ASSETCATALOG_COMPILER_GLOBAL_ACCENT_COLOR_NAME = AccentColor;
				CODE_SIGN_STYLE = Automatic;
				DEVELOPMENT_ASSET_PATHS = "\"List_14_01/Preview Content\"";
				ENABLE_PREVIEWS = YES;
				INFOPLIST_FILE = List_14_01/Info.plist;
				LD_RUNPATH_SEARCH_PATHS = (
					"$(inherited)",
					"@executable_path/Frameworks",
				);
				PRODUCT_BUNDLE_IDENTIFIER = "fytx.com.List-14-01";
				PRODUCT_NAME = "$(TARGET_NAME)";
				SWIFT_VERSION = 5.0;
				TARGETED_DEVICE_FAMILY = "1,2";
			};
			name = Release;
		};
/* End XCBuildConfiguration section */

/* Begin XCConfigurationList section */
		8B739493267C8ECB006E9639 /* Build configuration list for PBXProject "List_14_01" */ = {
			isa = XCConfigurationList;
			buildConfigurations = (
				8B7394AA267C8ECD006E9639 /* Debug */,
				8B7394AB267C8ECD006E9639 /* Release */,
			);
			defaultConfigurationIsVisible = 0;
			defaultConfigurationName = Release;
		};
		8B7394AC267C8ECD006E9639 /* Build configuration list for PBXNativeTarget "List_14_01" */ = {
			isa = XCConfigurationList;
			buildConfigurations = (
				8B7394AD267C8ECD006E9639 /* Debug */,
				8B7394AE267C8ECD006E9639 /* Release */,
			);
			defaultConfigurationIsVisible = 0;
			defaultConfigurationName = Release;
		};
/* End XCConfigurationList section */
	};
	rootObject = 8B739490267C8ECB006E9639 /* Project object */;
}
