// !$*UTF8*$!
{
	archiveVersion = 1;
	classes = {
	};
	objectVersion = 50;
	objects = {

/* Begin PBXBuildFile section */
		8B43D703267AC5A300953033 /* AppDelegate.swift in Sources */ = {isa = PBXBuildFile; fileRef = 8B43D702267AC5A300953033 /* AppDelegate.swift */; };
		8B43D705267AC5A300953033 /* SceneDelegate.swift in Sources */ = {isa = PBXBuildFile; fileRef = 8B43D704267AC5A300953033 /* SceneDelegate.swift */; };
		8B43D707267AC5A300953033 /* ContentView.swift in Sources */ = {isa = PBXBuildFile; fileRef = 8B43D706267AC5A300953033 /* ContentView.swift */; };
		8B43D709267AC5A400953033 /* Assets.xcassets in Resources */ = {isa = PBXBuildFile; fileRef = 8B43D708267AC5A400953033 /* Assets.xcassets */; };
		8B43D70C267AC5A400953033 /* Preview Assets.xcassets in Resources */ = {isa = PBXBuildFile; fileRef = 8B43D70B267AC5A400953033 /* Preview Assets.xcassets */; };
		8B43D70F267AC5A400953033 /* LaunchScreen.storyboard in Resources */ = {isa = PBXBuildFile; fileRef = 8B43D70D267AC5A400953033 /* LaunchScreen.storyboard */; };
		8B43D717267AC72300953033 /* NavigationViewTest1.swift in Sources */ = {isa = PBXBuildFile; fileRef = 8B43D716267AC72300953033 /* NavigationViewTest1.swift */; };
		8B43D71A267AC8D600953033 /* NavigationViewTest2.swift in Sources */ = {isa = PBXBuildFile; fileRef = 8B43D719267AC8D600953033 /* NavigationViewTest2.swift */; };
		8B43D71C267ACC4200953033 /* NavigationViewTest3.swift in Sources */ = {isa = PBXBuildFile; fileRef = 8B43D71B267ACC4200953033 /* NavigationViewTest3.swift */; };
/* End PBXBuildFile section */

/* Begin PBXFileReference section */
		8B43D6FF267AC5A300953033 /* NavigationView_13_01.app */ = {isa = PBXFileReference; explicitFileType = wrapper.application; includeInIndex = 0; path = NavigationView_13_01.app; sourceTree = BUILT_PRODUCTS_DIR; };
		8B43D702267AC5A300953033 /* AppDelegate.swift */ = {isa = PBXFileReference; lastKnownFileType = sourcecode.swift; path = AppDelegate.swift; sourceTree = "<group>"; };
		8B43D704267AC5A300953033 /* SceneDelegate.swift */ = {isa = PBXFileReference; lastKnownFileType = sourcecode.swift; path = SceneDelegate.swift; sourceTree = "<group>"; };
		8B43D706267AC5A300953033 /* ContentView.swift */ = {isa = PBXFileReference; lastKnownFileType = sourcecode.swift; path = ContentView.swift; sourceTree = "<group>"; };
		8B43D708267AC5A400953033 /* Assets.xcassets */ = {isa = PBXFileReference; lastKnownFileType = folder.assetcatalog; path = Assets.xcassets; sourceTree = "<group>"; };
		8B43D70B267AC5A400953033 /* Preview Assets.xcassets */ = {isa = PBXFileReference; lastKnownFileType = folder.assetcatalog; path = "Preview Assets.xcassets"; sourceTree = "<group>"; };
		8B43D70E267AC5A400953033 /* Base */ = {isa = PBXFileReference; lastKnownFileType = file.storyboard; name = Base; path = Base.lproj/LaunchScreen.storyboard; sourceTree = "<group>"; };
		8B43D710267AC5A400953033 /* Info.plist */ = {isa = PBXFileReference; lastKnownFileType = text.plist.xml; path = Info.plist; sourceTree = "<group>"; };
		8B43D716267AC72300953033 /* NavigationViewTest1.swift */ = {isa = PBXFileReference; lastKnownFileType = sourcecode.swift; path = NavigationViewTest1.swift; sourceTree = "<group>"; };
		8B43D719267AC8D600953033 /* NavigationViewTest2.swift */ = {isa = PBXFileReference; lastKnownFileType = sourcecode.swift; path = NavigationViewTest2.swift; sourceTree = "<group>"; };
		8B43D71B267ACC4200953033 /* NavigationViewTest3.swift */ = {isa = PBXFileReference; lastKnownFileType = sourcecode.swift; path = NavigationViewTest3.swift; sourceTree = "<group>"; };
/* End PBXFileReference section */

/* Begin PBXFrameworksBuildPhase section */
		8B43D6FC267AC5A300953033 /* Frameworks */ = {
			isa = PBXFrameworksBuildPhase;
			buildActionMask = 2147483647;
			files = (
			);
			runOnlyForDeploymentPostprocessing = 0;
		};
/* End PBXFrameworksBuildPhase section */

/* Begin PBXGroup section */
		8B43D6F6267AC5A300953033 = {
			isa = PBXGroup;
			children = (
				8B43D701267AC5A300953033 /* NavigationView_13_01 */,
				8B43D700267AC5A300953033 /* Products */,
			);
			sourceTree = "<group>";
		};
		8B43D700267AC5A300953033 /* Products */ = {
			isa = PBXGroup;
			children = (
				8B43D6FF267AC5A300953033 /* NavigationView_13_01.app */,
			);
			name = Products;
			sourceTree = "<group>";
		};
		8B43D701267AC5A300953033 /* NavigationView_13_01 */ = {
			isa = PBXGroup;
			children = (
				8B43D718267AC72A00953033 /* NavigationViewTest */,
				8B43D702267AC5A300953033 /* AppDelegate.swift */,
				8B43D704267AC5A300953033 /* SceneDelegate.swift */,
				8B43D706267AC5A300953033 /* ContentView.swift */,
				8B43D708267AC5A400953033 /* Assets.xcassets */,
				8B43D70D267AC5A400953033 /* LaunchScreen.storyboard */,
				8B43D710267AC5A400953033 /* Info.plist */,
				8B43D70A267AC5A400953033 /* Preview Content */,
			);
			path = NavigationView_13_01;
			sourceTree = "<group>";
		};
		8B43D70A267AC5A400953033 /* Preview Content */ = {
			isa = PBXGroup;
			children = (
				8B43D70B267AC5A400953033 /* Preview Assets.xcassets */,
			);
			path = "Preview Content";
			sourceTree = "<group>";
		};
		8B43D718267AC72A00953033 /* NavigationViewTest */ = {
			isa = PBXGroup;
			children = (
				8B43D716267AC72300953033 /* NavigationViewTest1.swift */,
				8B43D719267AC8D600953033 /* NavigationViewTest2.swift */,
				8B43D71B267ACC4200953033 /* NavigationViewTest3.swift */,
			);
			path = NavigationViewTest;
			sourceTree = "<group>";
		};
/* End PBXGroup section */

/* Begin PBXNativeTarget section */
		8B43D6FE267AC5A300953033 /* NavigationView_13_01 */ = {
			isa = PBXNativeTarget;
			buildConfigurationList = 8B43D713267AC5A400953033 /* Build configuration list for PBXNativeTarget "NavigationView_13_01" */;
			buildPhases = (
				8B43D6FB267AC5A300953033 /* Sources */,
				8B43D6FC267AC5A300953033 /* Frameworks */,
				8B43D6FD267AC5A300953033 /* Resources */,
			);
			buildRules = (
			);
			dependencies = (
			);
			name = NavigationView_13_01;
			productName = NavigationView_13_01;
			productReference = 8B43D6FF267AC5A300953033 /* NavigationView_13_01.app */;
			productType = "com.apple.product-type.application";
		};
/* End PBXNativeTarget section */

/* Begin PBXProject section */
		8B43D6F7267AC5A300953033 /* Project object */ = {
			isa = PBXProject;
			attributes = {
				LastSwiftUpdateCheck = 1250;
				LastUpgradeCheck = 1250;
				TargetAttributes = {
					8B43D6FE267AC5A300953033 = {
						CreatedOnToolsVersion = 12.5;
					};
				};
			};
			buildConfigurationList = 8B43D6FA267AC5A300953033 /* Build configuration list for PBXProject "NavigationView_13_01" */;
			compatibilityVersion = "Xcode 9.3";
			developmentRegion = en;
			hasScannedForEncodings = 0;
			knownRegions = (
				en,
				Base,
			);
			mainGroup = 8B43D6F6267AC5A300953033;
			productRefGroup = 8B43D700267AC5A300953033 /* Products */;
			projectDirPath = "";
			projectRoot = "";
			targets = (
				8B43D6FE267AC5A300953033 /* NavigationView_13_01 */,
			);
		};
/* End PBXProject section */

/* Begin PBXResourcesBuildPhase section */
		8B43D6FD267AC5A300953033 /* Resources */ = {
			isa = PBXResourcesBuildPhase;
			buildActionMask = 2147483647;
			files = (
				8B43D70F267AC5A400953033 /* LaunchScreen.storyboard in Resources */,
				8B43D70C267AC5A400953033 /* Preview Assets.xcassets in Resources */,
				8B43D709267AC5A400953033 /* Assets.xcassets in Resources */,
			);
			runOnlyForDeploymentPostprocessing = 0;
		};
/* End PBXResourcesBuildPhase section */

/* Begin PBXSourcesBuildPhase section */
		8B43D6FB267AC5A300953033 /* Sources */ = {
			isa = PBXSourcesBuildPhase;
			buildActionMask = 2147483647;
			files = (
				8B43D71C267ACC4200953033 /* NavigationViewTest3.swift in Sources */,
				8B43D703267AC5A300953033 /* AppDelegate.swift in Sources */,
				8B43D705267AC5A300953033 /* SceneDelegate.swift in Sources */,
				8B43D717267AC72300953033 /* NavigationViewTest1.swift in Sources */,
				8B43D707267AC5A300953033 /* ContentView.swift in Sources */,
				8B43D71A267AC8D600953033 /* NavigationViewTest2.swift in Sources */,
			);
			runOnlyForDeploymentPostprocessing = 0;
		};
/* End PBXSourcesBuildPhase section */

/* Begin PBXVariantGroup section */
		8B43D70D267AC5A400953033 /* LaunchScreen.storyboard */ = {
			isa = PBXVariantGroup;
			children = (
				8B43D70E267AC5A400953033 /* Base */,
			);
			name = LaunchScreen.storyboard;
			sourceTree = "<group>";
		};
/* End PBXVariantGroup section */

/* Begin XCBuildConfiguration section */
		8B43D711267AC5A400953033 /* Debug */ = {
			isa = XCBuildConfiguration;
			buildSettings = {
				ALWAYS_SEARCH_USER_PATHS = NO;
				CLANG_ANALYZER_NONNULL = YES;
				CLANG_ANALYZER_NUMBER_OBJECT_CONVERSION = YES_AGGRESSIVE;
				CLANG_CXX_LANGUAGE_STANDARD = "gnu++14";
				CLANG_CXX_LIBRARY = "libc++";
				CLANG_ENABLE_MODULES = YES;
				CLANG_ENABLE_OBJC_ARC = YES;
				CLANG_ENABLE_OBJC_WEAK = YES;
				CLANG_WARN_BLOCK_CAPTURE_AUTORELEASING = YES;
				CLANG_WARN_BOOL_CONVERSION = YES;
				CLANG_WARN_COMMA = YES;
				CLANG_WARN_CONSTANT_CONVERSION = YES;
				CLANG_WARN_DEPRECATED_OBJC_IMPLEMENTATIONS = YES;
				CLANG_WARN_DIRECT_OBJC_ISA_USAGE = YES_ERROR;
				CLANG_WARN_DOCUMENTATION_COMMENTS = YES;
				CLANG_WARN_EMPTY_BODY = YES;
				CLANG_WARN_ENUM_CONVERSION = YES;
				CLANG_WARN_INFINITE_RECURSION = YES;
				CLANG_WARN_INT_CONVERSION = YES;
				CLANG_WARN_NON_LITERAL_NULL_CONVERSION = YES;
				CLANG_WARN_OBJC_IMPLICIT_RETAIN_SELF = YES;
				CLANG_WARN_OBJC_LITERAL_CONVERSION = YES;
				CLANG_WARN_OBJC_ROOT_CLASS = YES_ERROR;
				CLANG_WARN_QUOTED_INCLUDE_IN_FRAMEWORK_HEADER = YES;
				CLANG_WARN_RANGE_LOOP_ANALYSIS = YES;
				CLANG_WARN_STRICT_PROTOTYPES = YES;
				CLANG_WARN_SUSPICIOUS_MOVE = YES;
				CLANG_WARN_UNGUARDED_AVAILABILITY = YES_AGGRESSIVE;
				CLANG_WARN_UNREACHABLE_CODE = YES;
				CLANG_WARN__DUPLICATE_METHOD_MATCH = YES;
				COPY_PHASE_STRIP = NO;
				DEBUG_INFORMATION_FORMAT = dwarf;
				ENABLE_STRICT_OBJC_MSGSEND = YES;
				ENABLE_TESTABILITY = YES;
				GCC_C_LANGUAGE_STANDARD = gnu11;
				GCC_DYNAMIC_NO_PIC = NO;
				GCC_NO_COMMON_BLOCKS = YES;
				GCC_OPTIMIZATION_LEVEL = 0;
				GCC_PREPROCESSOR_DEFINITIONS = (
					"DEBUG=1",
					"$(inherited)",
				);
				GCC_WARN_64_TO_32_BIT_CONVERSION = YES;
				GCC_WARN_ABOUT_RETURN_TYPE = YES_ERROR;
				GCC_WARN_UNDECLARED_SELECTOR = YES;
				GCC_WARN_UNINITIALIZED_AUTOS = YES_AGGRESSIVE;
				GCC_WARN_UNUSED_FUNCTION = YES;
				GCC_WARN_UNUSED_VARIABLE = YES;
				IPHONEOS_DEPLOYMENT_TARGET = 14.5;
				MTL_ENABLE_DEBUG_INFO = INCLUDE_SOURCE;
				MTL_FAST_MATH = YES;
				ONLY_ACTIVE_ARCH = YES;
				SDKROOT = iphoneos;
				SWIFT_ACTIVE_COMPILATION_CONDITIONS = DEBUG;
				SWIFT_OPTIMIZATION_LEVEL = "-Onone";
			};
			name = Debug;
		};
		8B43D712267AC5A400953033 /* Release */ = {
			isa = XCBuildConfiguration;
			buildSettings = {
				ALWAYS_SEARCH_USER_PATHS = NO;
				CLANG_ANALYZER_NONNULL = YES;
				CLANG_ANALYZER_NUMBER_OBJECT_CONVERSION = YES_AGGRESSIVE;
				CLANG_CXX_LANGUAGE_STANDARD = "gnu++14";
				CLANG_CXX_LIBRARY = "libc++";
				CLANG_ENABLE_MODULES = YES;
				CLANG_ENABLE_OBJC_ARC = YES;
				CLANG_ENABLE_OBJC_WEAK = YES;
				CLANG_WARN_BLOCK_CAPTURE_AUTORELEASING = YES;
				CLANG_WARN_BOOL_CONVERSION = YES;
				CLANG_WARN_COMMA = YES;
				CLANG_WARN_CONSTANT_CONVERSION = YES;
				CLANG_WARN_DEPRECATED_OBJC_IMPLEMENTATIONS = YES;
				CLANG_WARN_DIRECT_OBJC_ISA_USAGE = YES_ERROR;
				CLANG_WARN_DOCUMENTATION_COMMENTS = YES;
				CLANG_WARN_EMPTY_BODY = YES;
				CLANG_WARN_ENUM_CONVERSION = YES;
				CLANG_WARN_INFINITE_RECURSION = YES;
				CLANG_WARN_INT_CONVERSION = YES;
				CLANG_WARN_NON_LITERAL_NULL_CONVERSION = YES;
				CLANG_WARN_OBJC_IMPLICIT_RETAIN_SELF = YES;
				CLANG_WARN_OBJC_LITERAL_CONVERSION = YES;
				CLANG_WARN_OBJC_ROOT_CLASS = YES_ERROR;
				CLANG_WARN_QUOTED_INCLUDE_IN_FRAMEWORK_HEADER = YES;
				CLANG_WARN_RANGE_LOOP_ANALYSIS = YES;
				CLANG_WARN_STRICT_PROTOTYPES = YES;
				CLANG_WARN_SUSPICIOUS_MOVE = YES;
				CLANG_WARN_UNGUARDED_AVAILABILITY = YES_AGGRESSIVE;
				CLANG_WARN_UNREACHABLE_CODE = YES;
				CLANG_WARN__DUPLICATE_METHOD_MATCH = YES;
				COPY_PHASE_STRIP = NO;
				DEBUG_INFORMATION_FORMAT = "dwarf-with-dsym";
				ENABLE_NS_ASSERTIONS = NO;
				ENABLE_STRICT_OBJC_MSGSEND = YES;
				GCC_C_LANGUAGE_STANDARD = gnu11;
				GCC_NO_COMMON_BLOCKS = YES;
				GCC_WARN_64_TO_32_BIT_CONVERSION = YES;
				GCC_WARN_ABOUT_RETURN_TYPE = YES_ERROR;
				GCC_WARN_UNDECLARED_SELECTOR = YES;
				GCC_WARN_UNINITIALIZED_AUTOS = YES_AGGRESSIVE;
				GCC_WARN_UNUSED_FUNCTION = YES;
				GCC_WARN_UNUSED_VARIABLE = YES;
				IPHONEOS_DEPLOYMENT_TARGET = 14.5;
				MTL_ENABLE_DEBUG_INFO = NO;
				MTL_FAST_MATH = YES;
				SDKROOT = iphoneos;
				SWIFT_COMPILATION_MODE = wholemodule;
				SWIFT_OPTIMIZATION_LEVEL = "-O";
				VALIDATE_PRODUCT = YES;
			};
			name = Release;
		};
		8B43D714267AC5A400953033 /* Debug */ = {
			isa = XCBuildConfiguration;
			buildSettings = {
				ASSETCATALOG_COMPILER_APPICON_NAME = AppIcon;
				ASSETCATALOG_COMPILER_GLOBAL_ACCENT_COLOR_NAME = AccentColor;
				CODE_SIGN_STYLE = Automatic;
				DEVELOPMENT_ASSET_PATHS = "\"NavigationView_13_01/Preview Content\"";
				ENABLE_PREVIEWS = YES;
				INFOPLIST_FILE = NavigationView_13_01/Info.plist;
				LD_RUNPATH_SEARCH_PATHS = (
					"$(inherited)",
					"@executable_path/Frameworks",
				);
				PRODUCT_BUNDLE_IDENTIFIER = "fytx.com.NavigationView-13-01";
				PRODUCT_NAME = "$(TARGET_NAME)";
				SWIFT_VERSION = 5.0;
				TARGETED_DEVICE_FAMILY = "1,2";
			};
			name = Debug;
		};
		8B43D715267AC5A400953033 /* Release */ = {
			isa = XCBuildConfiguration;
			buildSettings = {
				ASSETCATALOG_COMPILER_APPICON_NAME = AppIcon;
				ASSETCATALOG_COMPILER_GLOBAL_ACCENT_COLOR_NAME = AccentColor;
				CODE_SIGN_STYLE = Automatic;
				DEVELOPMENT_ASSET_PATHS = "\"NavigationView_13_01/Preview Content\"";
				ENABLE_PREVIEWS = YES;
				INFOPLIST_FILE = NavigationView_13_01/Info.plist;
				LD_RUNPATH_SEARCH_PATHS = (
					"$(inherited)",
					"@executable_path/Frameworks",
				);
				PRODUCT_BUNDLE_IDENTIFIER = "fytx.com.NavigationView-13-01";
				PRODUCT_NAME = "$(TARGET_NAME)";
				SWIFT_VERSION = 5.0;
				TARGETED_DEVICE_FAMILY = "1,2";
			};
			name = Release;
		};
/* End XCBuildConfiguration section */

/* Begin XCConfigurationList section */
		8B43D6FA267AC5A300953033 /* Build configuration list for PBXProject "NavigationView_13_01" */ = {
			isa = XCConfigurationList;
			buildConfigurations = (
				8B43D711267AC5A400953033 /* Debug */,
				8B43D712267AC5A400953033 /* Release */,
			);
			defaultConfigurationIsVisible = 0;
			defaultConfigurationName = Release;
		};
		8B43D713267AC5A400953033 /* Build configuration list for PBXNativeTarget "NavigationView_13_01" */ = {
			isa = XCConfigurationList;
			buildConfigurations = (
				8B43D714267AC5A400953033 /* Debug */,
				8B43D715267AC5A400953033 /* Release */,
			);
			defaultConfigurationIsVisible = 0;
			defaultConfigurationName = Release;
		};
/* End XCConfigurationList section */
	};
	rootObject = 8B43D6F7267AC5A300953033 /* Project object */;
}
