// !$*UTF8*$!
{
	archiveVersion = 1;
	classes = {
	};
	objectVersion = 50;
	objects = {

/* Begin PBXBuildFile section */
		8B2F43BD266B7D6D002EE2FC /* AppDelegate.swift in Sources */ = {isa = PBXBuildFile; fileRef = 8B2F43BC266B7D6D002EE2FC /* AppDelegate.swift */; };
		8B2F43BF266B7D6D002EE2FC /* SceneDelegate.swift in Sources */ = {isa = PBXBuildFile; fileRef = 8B2F43BE266B7D6D002EE2FC /* SceneDelegate.swift */; };
		8B2F43C1266B7D6D002EE2FC /* ContentView.swift in Sources */ = {isa = PBXBuildFile; fileRef = 8B2F43C0266B7D6D002EE2FC /* ContentView.swift */; };
		8B2F43C3266B7D71002EE2FC /* Assets.xcassets in Resources */ = {isa = PBXBuildFile; fileRef = 8B2F43C2266B7D71002EE2FC /* Assets.xcassets */; };
		8B2F43C6266B7D71002EE2FC /* Preview Assets.xcassets in Resources */ = {isa = PBXBuildFile; fileRef = 8B2F43C5266B7D71002EE2FC /* Preview Assets.xcassets */; };
		8B2F43C9266B7D71002EE2FC /* LaunchScreen.storyboard in Resources */ = {isa = PBXBuildFile; fileRef = 8B2F43C7266B7D71002EE2FC /* LaunchScreen.storyboard */; };
		8B2F43D2266B96F0002EE2FC /* GeometryReaderSample1.swift in Sources */ = {isa = PBXBuildFile; fileRef = 8B2F43D1266B96F0002EE2FC /* GeometryReaderSample1.swift */; };
		8B2F43D4266B987E002EE2FC /* GeometryReaderSample2.swift in Sources */ = {isa = PBXBuildFile; fileRef = 8B2F43D3266B987E002EE2FC /* GeometryReaderSample2.swift */; };
		8B2F43D6266BA40F002EE2FC /* GeometryReaderSample3.swift in Sources */ = {isa = PBXBuildFile; fileRef = 8B2F43D5266BA40F002EE2FC /* GeometryReaderSample3.swift */; };
		8B2F43D8266BA7C4002EE2FC /* GeometryReaderSample4.swift in Sources */ = {isa = PBXBuildFile; fileRef = 8B2F43D7266BA7C4002EE2FC /* GeometryReaderSample4.swift */; };
		8B2F43DA266BAA67002EE2FC /* GeometryReaderSample5.swift in Sources */ = {isa = PBXBuildFile; fileRef = 8B2F43D9266BAA67002EE2FC /* GeometryReaderSample5.swift */; };
/* End PBXBuildFile section */

/* Begin PBXFileReference section */
		8B2F43B9266B7D6D002EE2FC /* Layout_12_4.app */ = {isa = PBXFileReference; explicitFileType = wrapper.application; includeInIndex = 0; path = Layout_12_4.app; sourceTree = BUILT_PRODUCTS_DIR; };
		8B2F43BC266B7D6D002EE2FC /* AppDelegate.swift */ = {isa = PBXFileReference; lastKnownFileType = sourcecode.swift; path = AppDelegate.swift; sourceTree = "<group>"; };
		8B2F43BE266B7D6D002EE2FC /* SceneDelegate.swift */ = {isa = PBXFileReference; lastKnownFileType = sourcecode.swift; path = SceneDelegate.swift; sourceTree = "<group>"; };
		8B2F43C0266B7D6D002EE2FC /* ContentView.swift */ = {isa = PBXFileReference; lastKnownFileType = sourcecode.swift; path = ContentView.swift; sourceTree = "<group>"; };
		8B2F43C2266B7D71002EE2FC /* Assets.xcassets */ = {isa = PBXFileReference; lastKnownFileType = folder.assetcatalog; path = Assets.xcassets; sourceTree = "<group>"; };
		8B2F43C5266B7D71002EE2FC /* Preview Assets.xcassets */ = {isa = PBXFileReference; lastKnownFileType = folder.assetcatalog; path = "Preview Assets.xcassets"; sourceTree = "<group>"; };
		8B2F43C8266B7D71002EE2FC /* Base */ = {isa = PBXFileReference; lastKnownFileType = file.storyboard; name = Base; path = Base.lproj/LaunchScreen.storyboard; sourceTree = "<group>"; };
		8B2F43CA266B7D71002EE2FC /* Info.plist */ = {isa = PBXFileReference; lastKnownFileType = text.plist.xml; path = Info.plist; sourceTree = "<group>"; };
		8B2F43D1266B96F0002EE2FC /* GeometryReaderSample1.swift */ = {isa = PBXFileReference; lastKnownFileType = sourcecode.swift; path = GeometryReaderSample1.swift; sourceTree = "<group>"; };
		8B2F43D3266B987E002EE2FC /* GeometryReaderSample2.swift */ = {isa = PBXFileReference; lastKnownFileType = sourcecode.swift; path = GeometryReaderSample2.swift; sourceTree = "<group>"; };
		8B2F43D5266BA40F002EE2FC /* GeometryReaderSample3.swift */ = {isa = PBXFileReference; lastKnownFileType = sourcecode.swift; path = GeometryReaderSample3.swift; sourceTree = "<group>"; };
		8B2F43D7266BA7C4002EE2FC /* GeometryReaderSample4.swift */ = {isa = PBXFileReference; lastKnownFileType = sourcecode.swift; path = GeometryReaderSample4.swift; sourceTree = "<group>"; };
		8B2F43D9266BAA67002EE2FC /* GeometryReaderSample5.swift */ = {isa = PBXFileReference; lastKnownFileType = sourcecode.swift; path = GeometryReaderSample5.swift; sourceTree = "<group>"; };
/* End PBXFileReference section */

/* Begin PBXFrameworksBuildPhase section */
		8B2F43B6266B7D6D002EE2FC /* Frameworks */ = {
			isa = PBXFrameworksBuildPhase;
			buildActionMask = 2147483647;
			files = (
			);
			runOnlyForDeploymentPostprocessing = 0;
		};
/* End PBXFrameworksBuildPhase section */

/* Begin PBXGroup section */
		8B2F43B0266B7D6D002EE2FC = {
			isa = PBXGroup;
			children = (
				8B2F43BB266B7D6D002EE2FC /* Layout_12_4 */,
				8B2F43BA266B7D6D002EE2FC /* Products */,
			);
			sourceTree = "<group>";
		};
		8B2F43BA266B7D6D002EE2FC /* Products */ = {
			isa = PBXGroup;
			children = (
				8B2F43B9266B7D6D002EE2FC /* Layout_12_4.app */,
			);
			name = Products;
			sourceTree = "<group>";
		};
		8B2F43BB266B7D6D002EE2FC /* Layout_12_4 */ = {
			isa = PBXGroup;
			children = (
				8B2F43D0266B96D1002EE2FC /* GeometryReaderSample */,
				8B2F43BC266B7D6D002EE2FC /* AppDelegate.swift */,
				8B2F43BE266B7D6D002EE2FC /* SceneDelegate.swift */,
				8B2F43C0266B7D6D002EE2FC /* ContentView.swift */,
				8B2F43C2266B7D71002EE2FC /* Assets.xcassets */,
				8B2F43C7266B7D71002EE2FC /* LaunchScreen.storyboard */,
				8B2F43CA266B7D71002EE2FC /* Info.plist */,
				8B2F43C4266B7D71002EE2FC /* Preview Content */,
			);
			path = Layout_12_4;
			sourceTree = "<group>";
		};
		8B2F43C4266B7D71002EE2FC /* Preview Content */ = {
			isa = PBXGroup;
			children = (
				8B2F43C5266B7D71002EE2FC /* Preview Assets.xcassets */,
			);
			path = "Preview Content";
			sourceTree = "<group>";
		};
		8B2F43D0266B96D1002EE2FC /* GeometryReaderSample */ = {
			isa = PBXGroup;
			children = (
				8B2F43D1266B96F0002EE2FC /* GeometryReaderSample1.swift */,
				8B2F43D3266B987E002EE2FC /* GeometryReaderSample2.swift */,
				8B2F43D5266BA40F002EE2FC /* GeometryReaderSample3.swift */,
				8B2F43D7266BA7C4002EE2FC /* GeometryReaderSample4.swift */,
				8B2F43D9266BAA67002EE2FC /* GeometryReaderSample5.swift */,
			);
			path = GeometryReaderSample;
			sourceTree = "<group>";
		};
/* End PBXGroup section */

/* Begin PBXNativeTarget section */
		8B2F43B8266B7D6D002EE2FC /* Layout_12_4 */ = {
			isa = PBXNativeTarget;
			buildConfigurationList = 8B2F43CD266B7D71002EE2FC /* Build configuration list for PBXNativeTarget "Layout_12_4" */;
			buildPhases = (
				8B2F43B5266B7D6D002EE2FC /* Sources */,
				8B2F43B6266B7D6D002EE2FC /* Frameworks */,
				8B2F43B7266B7D6D002EE2FC /* Resources */,
			);
			buildRules = (
			);
			dependencies = (
			);
			name = Layout_12_4;
			productName = Layout_12_4;
			productReference = 8B2F43B9266B7D6D002EE2FC /* Layout_12_4.app */;
			productType = "com.apple.product-type.application";
		};
/* End PBXNativeTarget section */

/* Begin PBXProject section */
		8B2F43B1266B7D6D002EE2FC /* Project object */ = {
			isa = PBXProject;
			attributes = {
				LastSwiftUpdateCheck = 1250;
				LastUpgradeCheck = 1250;
				TargetAttributes = {
					8B2F43B8266B7D6D002EE2FC = {
						CreatedOnToolsVersion = 12.5;
					};
				};
			};
			buildConfigurationList = 8B2F43B4266B7D6D002EE2FC /* Build configuration list for PBXProject "Layout_12_4" */;
			compatibilityVersion = "Xcode 9.3";
			developmentRegion = en;
			hasScannedForEncodings = 0;
			knownRegions = (
				en,
				Base,
			);
			mainGroup = 8B2F43B0266B7D6D002EE2FC;
			productRefGroup = 8B2F43BA266B7D6D002EE2FC /* Products */;
			projectDirPath = "";
			projectRoot = "";
			targets = (
				8B2F43B8266B7D6D002EE2FC /* Layout_12_4 */,
			);
		};
/* End PBXProject section */

/* Begin PBXResourcesBuildPhase section */
		8B2F43B7266B7D6D002EE2FC /* Resources */ = {
			isa = PBXResourcesBuildPhase;
			buildActionMask = 2147483647;
			files = (
				8B2F43C9266B7D71002EE2FC /* LaunchScreen.storyboard in Resources */,
				8B2F43C6266B7D71002EE2FC /* Preview Assets.xcassets in Resources */,
				8B2F43C3266B7D71002EE2FC /* Assets.xcassets in Resources */,
			);
			runOnlyForDeploymentPostprocessing = 0;
		};
/* End PBXResourcesBuildPhase section */

/* Begin PBXSourcesBuildPhase section */
		8B2F43B5266B7D6D002EE2FC /* Sources */ = {
			isa = PBXSourcesBuildPhase;
			buildActionMask = 2147483647;
			files = (
				8B2F43D2266B96F0002EE2FC /* GeometryReaderSample1.swift in Sources */,
				8B2F43D4266B987E002EE2FC /* GeometryReaderSample2.swift in Sources */,
				8B2F43D6266BA40F002EE2FC /* GeometryReaderSample3.swift in Sources */,
				8B2F43BD266B7D6D002EE2FC /* AppDelegate.swift in Sources */,
				8B2F43DA266BAA67002EE2FC /* GeometryReaderSample5.swift in Sources */,
				8B2F43BF266B7D6D002EE2FC /* SceneDelegate.swift in Sources */,
				8B2F43C1266B7D6D002EE2FC /* ContentView.swift in Sources */,
				8B2F43D8266BA7C4002EE2FC /* GeometryReaderSample4.swift in Sources */,
			);
			runOnlyForDeploymentPostprocessing = 0;
		};
/* End PBXSourcesBuildPhase section */

/* Begin PBXVariantGroup section */
		8B2F43C7266B7D71002EE2FC /* LaunchScreen.storyboard */ = {
			isa = PBXVariantGroup;
			children = (
				8B2F43C8266B7D71002EE2FC /* Base */,
			);
			name = LaunchScreen.storyboard;
			sourceTree = "<group>";
		};
/* End PBXVariantGroup section */

/* Begin XCBuildConfiguration section */
		8B2F43CB266B7D71002EE2FC /* Debug */ = {
			isa = XCBuildConfiguration;
			buildSettings = {
				ALWAYS_SEARCH_USER_PATHS = NO;
				CLANG_ANALYZER_NONNULL = YES;
				CLANG_ANALYZER_NUMBER_OBJECT_CONVERSION = YES_AGGRESSIVE;
				CLANG_CXX_LANGUAGE_STANDARD = "gnu++14";
				CLANG_CXX_LIBRARY = "libc++";
				CLANG_ENABLE_MODULES = YES;
				CLANG_ENABLE_OBJC_ARC = YES;
				CLANG_ENABLE_OBJC_WEAK = YES;
				CLANG_WARN_BLOCK_CAPTURE_AUTORELEASING = YES;
				CLANG_WARN_BOOL_CONVERSION = YES;
				CLANG_WARN_COMMA = YES;
				CLANG_WARN_CONSTANT_CONVERSION = YES;
				CLANG_WARN_DEPRECATED_OBJC_IMPLEMENTATIONS = YES;
				CLANG_WARN_DIRECT_OBJC_ISA_USAGE = YES_ERROR;
				CLANG_WARN_DOCUMENTATION_COMMENTS = YES;
				CLANG_WARN_EMPTY_BODY = YES;
				CLANG_WARN_ENUM_CONVERSION = YES;
				CLANG_WARN_INFINITE_RECURSION = YES;
				CLANG_WARN_INT_CONVERSION = YES;
				CLANG_WARN_NON_LITERAL_NULL_CONVERSION = YES;
				CLANG_WARN_OBJC_IMPLICIT_RETAIN_SELF = YES;
				CLANG_WARN_OBJC_LITERAL_CONVERSION = YES;
				CLANG_WARN_OBJC_ROOT_CLASS = YES_ERROR;
				CLANG_WARN_QUOTED_INCLUDE_IN_FRAMEWORK_HEADER = YES;
				CLANG_WARN_RANGE_LOOP_ANALYSIS = YES;
				CLANG_WARN_STRICT_PROTOTYPES = YES;
				CLANG_WARN_SUSPICIOUS_MOVE = YES;
				CLANG_WARN_UNGUARDED_AVAILABILITY = YES_AGGRESSIVE;
				CLANG_WARN_UNREACHABLE_CODE = YES;
				CLANG_WARN__DUPLICATE_METHOD_MATCH = YES;
				COPY_PHASE_STRIP = NO;
				DEBUG_INFORMATION_FORMAT = dwarf;
				ENABLE_STRICT_OBJC_MSGSEND = YES;
				ENABLE_TESTABILITY = YES;
				GCC_C_LANGUAGE_STANDARD = gnu11;
				GCC_DYNAMIC_NO_PIC = NO;
				GCC_NO_COMMON_BLOCKS = YES;
				GCC_OPTIMIZATION_LEVEL = 0;
				GCC_PREPROCESSOR_DEFINITIONS = (
					"DEBUG=1",
					"$(inherited)",
				);
				GCC_WARN_64_TO_32_BIT_CONVERSION = YES;
				GCC_WARN_ABOUT_RETURN_TYPE = YES_ERROR;
				GCC_WARN_UNDECLARED_SELECTOR = YES;
				GCC_WARN_UNINITIALIZED_AUTOS = YES_AGGRESSIVE;
				GCC_WARN_UNUSED_FUNCTION = YES;
				GCC_WARN_UNUSED_VARIABLE = YES;
				IPHONEOS_DEPLOYMENT_TARGET = 14.5;
				MTL_ENABLE_DEBUG_INFO = INCLUDE_SOURCE;
				MTL_FAST_MATH = YES;
				ONLY_ACTIVE_ARCH = YES;
				SDKROOT = iphoneos;
				SWIFT_ACTIVE_COMPILATION_CONDITIONS = DEBUG;
				SWIFT_OPTIMIZATION_LEVEL = "-Onone";
			};
			name = Debug;
		};
		8B2F43CC266B7D71002EE2FC /* Release */ = {
			isa = XCBuildConfiguration;
			buildSettings = {
				ALWAYS_SEARCH_USER_PATHS = NO;
				CLANG_ANALYZER_NONNULL = YES;
				CLANG_ANALYZER_NUMBER_OBJECT_CONVERSION = YES_AGGRESSIVE;
				CLANG_CXX_LANGUAGE_STANDARD = "gnu++14";
				CLANG_CXX_LIBRARY = "libc++";
				CLANG_ENABLE_MODULES = YES;
				CLANG_ENABLE_OBJC_ARC = YES;
				CLANG_ENABLE_OBJC_WEAK = YES;
				CLANG_WARN_BLOCK_CAPTURE_AUTORELEASING = YES;
				CLANG_WARN_BOOL_CONVERSION = YES;
				CLANG_WARN_COMMA = YES;
				CLANG_WARN_CONSTANT_CONVERSION = YES;
				CLANG_WARN_DEPRECATED_OBJC_IMPLEMENTATIONS = YES;
				CLANG_WARN_DIRECT_OBJC_ISA_USAGE = YES_ERROR;
				CLANG_WARN_DOCUMENTATION_COMMENTS = YES;
				CLANG_WARN_EMPTY_BODY = YES;
				CLANG_WARN_ENUM_CONVERSION = YES;
				CLANG_WARN_INFINITE_RECURSION = YES;
				CLANG_WARN_INT_CONVERSION = YES;
				CLANG_WARN_NON_LITERAL_NULL_CONVERSION = YES;
				CLANG_WARN_OBJC_IMPLICIT_RETAIN_SELF = YES;
				CLANG_WARN_OBJC_LITERAL_CONVERSION = YES;
				CLANG_WARN_OBJC_ROOT_CLASS = YES_ERROR;
				CLANG_WARN_QUOTED_INCLUDE_IN_FRAMEWORK_HEADER = YES;
				CLANG_WARN_RANGE_LOOP_ANALYSIS = YES;
				CLANG_WARN_STRICT_PROTOTYPES = YES;
				CLANG_WARN_SUSPICIOUS_MOVE = YES;
				CLANG_WARN_UNGUARDED_AVAILABILITY = YES_AGGRESSIVE;
				CLANG_WARN_UNREACHABLE_CODE = YES;
				CLANG_WARN__DUPLICATE_METHOD_MATCH = YES;
				COPY_PHASE_STRIP = NO;
				DEBUG_INFORMATION_FORMAT = "dwarf-with-dsym";
				ENABLE_NS_ASSERTIONS = NO;
				ENABLE_STRICT_OBJC_MSGSEND = YES;
				GCC_C_LANGUAGE_STANDARD = gnu11;
				GCC_NO_COMMON_BLOCKS = YES;
				GCC_WARN_64_TO_32_BIT_CONVERSION = YES;
				GCC_WARN_ABOUT_RETURN_TYPE = YES_ERROR;
				GCC_WARN_UNDECLARED_SELECTOR = YES;
				GCC_WARN_UNINITIALIZED_AUTOS = YES_AGGRESSIVE;
				GCC_WARN_UNUSED_FUNCTION = YES;
				GCC_WARN_UNUSED_VARIABLE = YES;
				IPHONEOS_DEPLOYMENT_TARGET = 14.5;
				MTL_ENABLE_DEBUG_INFO = NO;
				MTL_FAST_MATH = YES;
				SDKROOT = iphoneos;
				SWIFT_COMPILATION_MODE = wholemodule;
				SWIFT_OPTIMIZATION_LEVEL = "-O";
				VALIDATE_PRODUCT = YES;
			};
			name = Release;
		};
		8B2F43CE266B7D71002EE2FC /* Debug */ = {
			isa = XCBuildConfiguration;
			buildSettings = {
				ASSETCATALOG_COMPILER_APPICON_NAME = AppIcon;
				ASSETCATALOG_COMPILER_GLOBAL_ACCENT_COLOR_NAME = AccentColor;
				CODE_SIGN_STYLE = Automatic;
				DEVELOPMENT_ASSET_PATHS = "\"Layout_12_4/Preview Content\"";
				ENABLE_PREVIEWS = YES;
				INFOPLIST_FILE = Layout_12_4/Info.plist;
				LD_RUNPATH_SEARCH_PATHS = (
					"$(inherited)",
					"@executable_path/Frameworks",
				);
				PRODUCT_BUNDLE_IDENTIFIER = "fytx.com.Layout-12-4";
				PRODUCT_NAME = "$(TARGET_NAME)";
				SWIFT_VERSION = 5.0;
				TARGETED_DEVICE_FAMILY = "1,2";
			};
			name = Debug;
		};
		8B2F43CF266B7D71002EE2FC /* Release */ = {
			isa = XCBuildConfiguration;
			buildSettings = {
				ASSETCATALOG_COMPILER_APPICON_NAME = AppIcon;
				ASSETCATALOG_COMPILER_GLOBAL_ACCENT_COLOR_NAME = AccentColor;
				CODE_SIGN_STYLE = Automatic;
				DEVELOPMENT_ASSET_PATHS = "\"Layout_12_4/Preview Content\"";
				ENABLE_PREVIEWS = YES;
				INFOPLIST_FILE = Layout_12_4/Info.plist;
				LD_RUNPATH_SEARCH_PATHS = (
					"$(inherited)",
					"@executable_path/Frameworks",
				);
				PRODUCT_BUNDLE_IDENTIFIER = "fytx.com.Layout-12-4";
				PRODUCT_NAME = "$(TARGET_NAME)";
				SWIFT_VERSION = 5.0;
				TARGETED_DEVICE_FAMILY = "1,2";
			};
			name = Release;
		};
/* End XCBuildConfiguration section */

/* Begin XCConfigurationList section */
		8B2F43B4266B7D6D002EE2FC /* Build configuration list for PBXProject "Layout_12_4" */ = {
			isa = XCConfigurationList;
			buildConfigurations = (
				8B2F43CB266B7D71002EE2FC /* Debug */,
				8B2F43CC266B7D71002EE2FC /* Release */,
			);
			defaultConfigurationIsVisible = 0;
			defaultConfigurationName = Release;
		};
		8B2F43CD266B7D71002EE2FC /* Build configuration list for PBXNativeTarget "Layout_12_4" */ = {
			isa = XCConfigurationList;
			buildConfigurations = (
				8B2F43CE266B7D71002EE2FC /* Debug */,
				8B2F43CF266B7D71002EE2FC /* Release */,
			);
			defaultConfigurationIsVisible = 0;
			defaultConfigurationName = Release;
		};
/* End XCConfigurationList section */
	};
	rootObject = 8B2F43B1266B7D6D002EE2FC /* Project object */;
}
